
Microsoft Visual Studio Solution File, Format Version 12.00
# Visual Studio Version 16
VisualStudioVersion = 16.0.31205.134
MinimumVisualStudioVersion = 10.0.40219.1
Project("{8BC9CEB8-8B4A-11D0-8D11-00A0C91BC942}") = "1-1", "1-1\1-1.vcxproj", "{FB272D14-82CE-44B7-B463-B7CA65E9CD32}"
EndProject
Project("{8BC9CEB8-8B4A-11D0-8D11-00A0C91BC942}") = "1-2", "1-2\1-2.vcxproj", "{5A79B1F1-18DC-4784-9407-98F22A689559}"
EndProject
Global
	GlobalSection(SolutionConfigurationPlatforms) = preSolution
		Debug|x64 = Debug|x64
		Debug|x86 = Debug|x86
		Release|x64 = Release|x64
		Release|x86 = Release|x86
	EndGlobalSection
	GlobalSection(ProjectConfigurationPlatforms) = postSolution
		{FB272D14-82CE-44B7-B463-B7CA65E9CD32}.Debug|x64.ActiveCfg = Debug|x64
		{FB272D14-82CE-44B7-B463-B7CA65E9CD32}.Debug|x64.Build.0 = Debug|x64
		{FB272D14-82CE-44B7-B463-B7CA65E9CD32}.Debug|x86.ActiveCfg = Debug|Win32
		{FB272D14-82CE-44B7-B463-B7CA65E9CD32}.Debug|x86.Build.0 = Debug|Win32
		{FB272D14-82CE-44B7-B463-B7CA65E9CD32}.Release|x64.ActiveCfg = Release|x64
		{FB272D14-82CE-44B7-B463-B7CA65E9CD32}.Release|x64.Build.0 = Release|x64
		{FB272D14-82CE-44B7-B463-B7CA65E9CD32}.Release|x86.ActiveCfg = Release|Win32
		{FB272D14-82CE-44B7-B463-B7CA65E9CD32}.Release|x86.Build.0 = Release|Win32
		{5A79B1F1-18DC-4784-9407-98F22A689559}.Debug|x64.ActiveCfg = Debug|x64
		{5A79B1F1-18DC-4784-9407-98F22A689559}.Debug|x64.Build.0 = Debug|x64
		{5A79B1F1-18DC-4784-9407-98F22A689559}.Debug|x86.ActiveCfg = Debug|Win32
		{5A79B1F1-18DC-4784-9407-98F22A689559}.Debug|x86.Build.0 = Debug|Win32
		{5A79B1F1-18DC-4784-9407-98F22A689559}.Release|x64.ActiveCfg = Release|x64
		{5A79B1F1-18DC-4784-9407-98F22A689559}.Release|x64.Build.0 = Release|x64
		{5A79B1F1-18DC-4784-9407-98F22A689559}.Release|x86.ActiveCfg = Release|Win32
		{5A79B1F1-18DC-4784-9407-98F22A689559}.Release|x86.Build.0 = Release|Win32
	EndGlobalSection
	GlobalSection(SolutionProperties) = preSolution
		HideSolutionNode = FALSE
	EndGlobalSection
	GlobalSection(ExtensibilityGlobals) = postSolution
		SolutionGuid = {E3C5A34C-FC26-43EA-B7C9-C5D405EBF267}
	EndGlobalSection
EndGlobal
