
Microsoft Visual Studio Solution File, Format Version 12.00
# Visual Studio Version 16
VisualStudioVersion = 16.0.31205.134
MinimumVisualStudioVersion = 10.0.40219.1
Project("{8BC9CEB8-8B4A-11D0-8D11-00A0C91BC942}") = "1-01", "1-1\1-1.vcxproj", "{FB272D14-82CE-44B7-B463-B7CA65E9CD32}"
EndProject
Project("{8BC9CEB8-8B4A-11D0-8D11-00A0C91BC942}") = "1-02", "1-2\1-2.vcxproj", "{5A79B1F1-18DC-4784-9407-98F22A689559}"
EndProject
Project("{8BC9CEB8-8B4A-11D0-8D11-00A0C91BC942}") = "1-03", "1-3\1-3.vcxproj", "{A36AF53D-9A62-4B3C-B958-1C05F5600583}"
EndProject
Project("{8BC9CEB8-8B4A-11D0-8D11-00A0C91BC942}") = "1-04", "1-4\1-4.vcxproj", "{402C6C2A-84D9-46DD-8C92-D8382A7E267D}"
EndProject
Project("{8BC9CEB8-8B4A-11D0-8D11-00A0C91BC942}") = "1-05", "1-5\1-5.vcxproj", "{DD17B77E-4568-4744-811F-C6C97BB29C41}"
EndProject
Project("{8BC9CEB8-8B4A-11D0-8D11-00A0C91BC942}") = "1-06", "1-6\1-6.vcxproj", "{97288E93-D98F-45C7-95B2-52DD28CB835C}"
EndProject
Project("{8BC9CEB8-8B4A-11D0-8D11-00A0C91BC942}") = "1-07", "1-7\1-7.vcxproj", "{974ED0E2-E744-4A44-A6D7-0AB6EF04E892}"
EndProject
Project("{8BC9CEB8-8B4A-11D0-8D11-00A0C91BC942}") = "1-08", "1-8\1-8.vcxproj", "{9FE39805-8682-47E9-A6D0-F7642EA3218C}"
EndProject
Project("{8BC9CEB8-8B4A-11D0-8D11-00A0C91BC942}") = "1-09", "1-9\1-9.vcxproj", "{AC818012-850B-4678-BA18-5A034EBB5A93}"
EndProject
Project("{8BC9CEB8-8B4A-11D0-8D11-00A0C91BC942}") = "1-10", "1-10\1-10.vcxproj", "{7F56314C-3586-4B27-9083-E44BCB1301D0}"
EndProject
Project("{8BC9CEB8-8B4A-11D0-8D11-00A0C91BC942}") = "1-11", "1-11\1-11.vcxproj", "{7E6D63DF-4576-44D5-A0CF-24608914E3DD}"
EndProject
Project("{8BC9CEB8-8B4A-11D0-8D11-00A0C91BC942}") = "1-13", "1-13\1-13.vcxproj", "{3CC93546-4A39-4D8F-A3F3-648F8853729A}"
EndProject
Project("{8BC9CEB8-8B4A-11D0-8D11-00A0C91BC942}") = "1-15", "1-15\1-15.vcxproj", "{F174D86C-3EA8-452A-BC45-C6FA6C922241}"
EndProject
Project("{8BC9CEB8-8B4A-11D0-8D11-00A0C91BC942}") = "1-16", "1-16\1-16.vcxproj", "{490FDB79-31FD-4112-B4E2-6E7181B8BE09}"
EndProject
Project("{8BC9CEB8-8B4A-11D0-8D11-00A0C91BC942}") = "1-18", "1-18\1-18.vcxproj", "{C57DC105-5B1F-44A7-9EEE-1561AC714220}"
EndProject
Project("{8BC9CEB8-8B4A-11D0-8D11-00A0C91BC942}") = "1-19", "1-19\1-19.vcxproj", "{81BF5492-5D08-45AF-9EE5-C6DD21F32936}"
EndProject
Project("{8BC9CEB8-8B4A-11D0-8D11-00A0C91BC942}") = "1-20", "1-20\1-20.vcxproj", "{EB79BE10-D5B4-4B6E-973D-8174E9518949}"
EndProject
Project("{8BC9CEB8-8B4A-11D0-8D11-00A0C91BC942}") = "1-21", "1-21\1-21.vcxproj", "{782F0850-6B05-4542-BAFB-12543844C911}"
EndProject
Project("{8BC9CEB8-8B4A-11D0-8D11-00A0C91BC942}") = "1-22", "1-22\1-22.vcxproj", "{3C4BD4A4-542F-4E3C-95E3-50F19B59FF52}"
EndProject
Project("{8BC9CEB8-8B4A-11D0-8D11-00A0C91BC942}") = "1-23", "1-23\1-23.vcxproj", "{F5892598-59D4-4DB9-AF4F-C49CA6A110CF}"
EndProject
Project("{8BC9CEB8-8B4A-11D0-8D11-00A0C91BC942}") = "2-03", "2-03\2-03.vcxproj", "{2C33078D-2BB3-446F-8127-BA09F95B8EB0}"
EndProject
Project("{8BC9CEB8-8B4A-11D0-8D11-00A0C91BC942}") = "test", "test\test.vcxproj", "{15CD3756-5DBC-4DA7-A6EA-B50760B503BD}"
EndProject
Project("{8BC9CEB8-8B4A-11D0-8D11-00A0C91BC942}") = "2-08", "2-08\2-08.vcxproj", "{E2BC695D-A880-4B00-8AD4-ECF776CA0A38}"
EndProject
Project("{8BC9CEB8-8B4A-11D0-8D11-00A0C91BC942}") = "2-34", "2-34\2-34.vcxproj", "{2137AE5D-3CD3-4AEE-B540-37CABD81C21C}"
EndProject
Project("{8BC9CEB8-8B4A-11D0-8D11-00A0C91BC942}") = "2-35", "2-35\2-35.vcxproj", "{E4875F60-CB7C-48B9-A109-B9211C8DCEB1}"
EndProject
Project("{8BC9CEB8-8B4A-11D0-8D11-00A0C91BC942}") = "2-38", "2-38\2-38.vcxproj", "{0443FA35-44CD-42E1-9ABD-9C06B73E3483}"
EndProject
Project("{8BC9CEB8-8B4A-11D0-8D11-00A0C91BC942}") = "2-39", "2-39\2-39.vcxproj", "{66623696-CB04-47B6-AE0A-7778C882241E}"
EndProject
Project("{8BC9CEB8-8B4A-11D0-8D11-00A0C91BC942}") = "2-41", "2-41\2-41.vcxproj", "{177AFC39-0EB8-42B7-AA64-A77394BA13FE}"
EndProject
Project("{8BC9CEB8-8B4A-11D0-8D11-00A0C91BC942}") = "3-01-01", "3-01\3-01.vcxproj", "{5235B142-4CEB-45B6-82AC-59F2809084E6}"
EndProject
Project("{2150E333-8FDC-42A3-9474-1A3956D46DE8}") = "Chapter1", "Chapter1", "{CF1F8668-4DE7-4EDC-902D-589D455AC50E}"
EndProject
Project("{2150E333-8FDC-42A3-9474-1A3956D46DE8}") = "Chapter2", "Chapter2", "{C544E24A-A65E-4BA5-B9FC-7E502A062F8F}"
EndProject
Project("{2150E333-8FDC-42A3-9474-1A3956D46DE8}") = "Chapter3", "Chapter3", "{AB31D572-0B5A-4B00-972F-F9B7E67FF479}"
EndProject
Project("{8BC9CEB8-8B4A-11D0-8D11-00A0C91BC942}") = "3-01-02", "3-01-02\3-01-02.vcxproj", "{B1F7A9DB-554E-402A-B4A1-3995027D0479}"
EndProject
Project("{8BC9CEB8-8B4A-11D0-8D11-00A0C91BC942}") = "3-02", "3-02\3-02.vcxproj", "{BC4DCAA5-03EB-4763-A322-6749897F2837}"
EndProject
Project("{8BC9CEB8-8B4A-11D0-8D11-00A0C91BC942}") = "3-04", "3-04\3-04.vcxproj", "{E5759F39-04D0-4636-BB96-D1778C563AD9}"
EndProject
Project("{8BC9CEB8-8B4A-11D0-8D11-00A0C91BC942}") = "3-05", "3-05\3-05.vcxproj", "{AF87528A-58F9-4B39-812E-5484D9E1302E}"
EndProject
Project("{8BC9CEB8-8B4A-11D0-8D11-00A0C91BC942}") = "3-06", "3-06\3-06.vcxproj", "{9B82503A-02CF-4F6D-9EDE-6E6859EAD1DD}"
EndProject
Project("{8BC9CEB8-8B4A-11D0-8D11-00A0C91BC942}") = "3-07", "3-07\3-07.vcxproj", "{1DBF59CB-ED9E-4A08-8644-74707B8FE94E}"
EndProject
Project("{8BC9CEB8-8B4A-11D0-8D11-00A0C91BC942}") = "3-08", "3-08\3-08.vcxproj", "{B1AAE8E5-EF5D-4B1F-B24D-1D2AC5065DAA}"
EndProject
Project("{8BC9CEB8-8B4A-11D0-8D11-00A0C91BC942}") = "3-10", "3-10\3-10.vcxproj", "{D7EF5B46-BF85-4424-AC74-01B1A80D2621}"
EndProject
Project("{8BC9CEB8-8B4A-11D0-8D11-00A0C91BC942}") = "3-16", "3-16\3-16.vcxproj", "{3CF1B152-2C88-4F75-B8B7-F0178BE53589}"
EndProject
Project("{8BC9CEB8-8B4A-11D0-8D11-00A0C91BC942}") = "3-17", "3-17\3-17.vcxproj", "{58481A2A-F93D-4C00-96CE-E499633A5E17}"
EndProject
Project("{8BC9CEB8-8B4A-11D0-8D11-00A0C91BC942}") = "3-20", "3-20\3-20.vcxproj", "{493FF48A-F2FC-4835-9A87-13285C885B2E}"
EndProject
Project("{8BC9CEB8-8B4A-11D0-8D11-00A0C91BC942}") = "3-21", "3-21\3-21.vcxproj", "{7D41BC1B-EFC6-4C20-9EF3-E097C38E7E35}"
EndProject
Project("{8BC9CEB8-8B4A-11D0-8D11-00A0C91BC942}") = "3-22", "3-22\3-22.vcxproj", "{EB64724A-CE55-4148-8B34-4FE3614102DD}"
EndProject
Project("{8BC9CEB8-8B4A-11D0-8D11-00A0C91BC942}") = "3-23", "3-23\3-23.vcxproj", "{6980065D-443C-451C-A677-EE256F5209B3}"
EndProject
Project("{8BC9CEB8-8B4A-11D0-8D11-00A0C91BC942}") = "3-24", "3-24\3-24.vcxproj", "{30F7307B-6B58-4C4D-99BA-980FA770A00D}"
EndProject
Project("{8BC9CEB8-8B4A-11D0-8D11-00A0C91BC942}") = "3-25", "3-25\3-25.vcxproj", "{F25AB33A-E29E-42BC-B08D-CB755CF572E0}"
EndProject
Project("{8BC9CEB8-8B4A-11D0-8D11-00A0C91BC942}") = "3-31", "3-31\3-31.vcxproj", "{61E04C56-C4CA-49C5-A2D8-A410892AA3F0}"
EndProject
Project("{8BC9CEB8-8B4A-11D0-8D11-00A0C91BC942}") = "3-32", "3-32\3-32.vcxproj", "{F76FC5E2-4977-4F8D-BD39-F9F8649833B8}"
EndProject
Project("{8BC9CEB8-8B4A-11D0-8D11-00A0C91BC942}") = "3-35", "3-35\3-35.vcxproj", "{E3BDC117-0F3E-46EA-AB8F-25B42AB27580}"
EndProject
Project("{8BC9CEB8-8B4A-11D0-8D11-00A0C91BC942}") = "3-36", "3-36\3-36.vcxproj", "{1AB6F2DA-735B-46E9-8B56-F3FAACF904E2}"
EndProject
Project("{8BC9CEB8-8B4A-11D0-8D11-00A0C91BC942}") = "3-39", "3-39\3-39.vcxproj", "{62B3961D-3B8D-4C19-8C12-940ADE942A28}"
EndProject
Project("{8BC9CEB8-8B4A-11D0-8D11-00A0C91BC942}") = "3-40", "3-40\3-40.vcxproj", "{935DFA59-0265-4B11-A426-4A23E90F771A}"
EndProject
Project("{8BC9CEB8-8B4A-11D0-8D11-00A0C91BC942}") = "3-41", "3-41\3-41.vcxproj", "{66E503EC-17F5-4BBF-84AB-AFB55B851894}"
EndProject
Project("{8BC9CEB8-8B4A-11D0-8D11-00A0C91BC942}") = "3-42", "3-42\3-42.vcxproj", "{1B35DF7D-B94F-4C91-B110-096CB2F6C357}"
EndProject
Project("{8BC9CEB8-8B4A-11D0-8D11-00A0C91BC942}") = "3-43", "3-43\3-43.vcxproj", "{25DA153D-AB53-4BD2-B269-BD3A93BC2F01}"
EndProject
Project("{8BC9CEB8-8B4A-11D0-8D11-00A0C91BC942}") = "3-44", "3-44\3-44.vcxproj", "{CA78849D-4C63-4BEB-ACDA-D63B3B834548}"
EndProject
Project("{8BC9CEB8-8B4A-11D0-8D11-00A0C91BC942}") = "3-45", "3-45\3-45.vcxproj", "{A0BA9B46-313B-4F9D-B19A-7247D69EC1D3}"
EndProject
Global
	GlobalSection(SolutionConfigurationPlatforms) = preSolution
		Debug|x64 = Debug|x64
		Debug|x86 = Debug|x86
		Release|x64 = Release|x64
		Release|x86 = Release|x86
	EndGlobalSection
	GlobalSection(ProjectConfigurationPlatforms) = postSolution
		{FB272D14-82CE-44B7-B463-B7CA65E9CD32}.Debug|x64.ActiveCfg = Debug|x64
		{FB272D14-82CE-44B7-B463-B7CA65E9CD32}.Debug|x64.Build.0 = Debug|x64
		{FB272D14-82CE-44B7-B463-B7CA65E9CD32}.Debug|x86.ActiveCfg = Debug|Win32
		{FB272D14-82CE-44B7-B463-B7CA65E9CD32}.Debug|x86.Build.0 = Debug|Win32
		{FB272D14-82CE-44B7-B463-B7CA65E9CD32}.Release|x64.ActiveCfg = Release|x64
		{FB272D14-82CE-44B7-B463-B7CA65E9CD32}.Release|x64.Build.0 = Release|x64
		{FB272D14-82CE-44B7-B463-B7CA65E9CD32}.Release|x86.ActiveCfg = Release|Win32
		{FB272D14-82CE-44B7-B463-B7CA65E9CD32}.Release|x86.Build.0 = Release|Win32
		{5A79B1F1-18DC-4784-9407-98F22A689559}.Debug|x64.ActiveCfg = Debug|x64
		{5A79B1F1-18DC-4784-9407-98F22A689559}.Debug|x64.Build.0 = Debug|x64
		{5A79B1F1-18DC-4784-9407-98F22A689559}.Debug|x86.ActiveCfg = Debug|Win32
		{5A79B1F1-18DC-4784-9407-98F22A689559}.Debug|x86.Build.0 = Debug|Win32
		{5A79B1F1-18DC-4784-9407-98F22A689559}.Release|x64.ActiveCfg = Release|x64
		{5A79B1F1-18DC-4784-9407-98F22A689559}.Release|x64.Build.0 = Release|x64
		{5A79B1F1-18DC-4784-9407-98F22A689559}.Release|x86.ActiveCfg = Release|Win32
		{5A79B1F1-18DC-4784-9407-98F22A689559}.Release|x86.Build.0 = Release|Win32
		{A36AF53D-9A62-4B3C-B958-1C05F5600583}.Debug|x64.ActiveCfg = Debug|x64
		{A36AF53D-9A62-4B3C-B958-1C05F5600583}.Debug|x64.Build.0 = Debug|x64
		{A36AF53D-9A62-4B3C-B958-1C05F5600583}.Debug|x86.ActiveCfg = Debug|Win32
		{A36AF53D-9A62-4B3C-B958-1C05F5600583}.Debug|x86.Build.0 = Debug|Win32
		{A36AF53D-9A62-4B3C-B958-1C05F5600583}.Release|x64.ActiveCfg = Release|x64
		{A36AF53D-9A62-4B3C-B958-1C05F5600583}.Release|x64.Build.0 = Release|x64
		{A36AF53D-9A62-4B3C-B958-1C05F5600583}.Release|x86.ActiveCfg = Release|Win32
		{A36AF53D-9A62-4B3C-B958-1C05F5600583}.Release|x86.Build.0 = Release|Win32
		{402C6C2A-84D9-46DD-8C92-D8382A7E267D}.Debug|x64.ActiveCfg = Debug|x64
		{402C6C2A-84D9-46DD-8C92-D8382A7E267D}.Debug|x64.Build.0 = Debug|x64
		{402C6C2A-84D9-46DD-8C92-D8382A7E267D}.Debug|x86.ActiveCfg = Debug|Win32
		{402C6C2A-84D9-46DD-8C92-D8382A7E267D}.Debug|x86.Build.0 = Debug|Win32
		{402C6C2A-84D9-46DD-8C92-D8382A7E267D}.Release|x64.ActiveCfg = Release|x64
		{402C6C2A-84D9-46DD-8C92-D8382A7E267D}.Release|x64.Build.0 = Release|x64
		{402C6C2A-84D9-46DD-8C92-D8382A7E267D}.Release|x86.ActiveCfg = Release|Win32
		{402C6C2A-84D9-46DD-8C92-D8382A7E267D}.Release|x86.Build.0 = Release|Win32
		{DD17B77E-4568-4744-811F-C6C97BB29C41}.Debug|x64.ActiveCfg = Debug|x64
		{DD17B77E-4568-4744-811F-C6C97BB29C41}.Debug|x64.Build.0 = Debug|x64
		{DD17B77E-4568-4744-811F-C6C97BB29C41}.Debug|x86.ActiveCfg = Debug|Win32
		{DD17B77E-4568-4744-811F-C6C97BB29C41}.Debug|x86.Build.0 = Debug|Win32
		{DD17B77E-4568-4744-811F-C6C97BB29C41}.Release|x64.ActiveCfg = Release|x64
		{DD17B77E-4568-4744-811F-C6C97BB29C41}.Release|x64.Build.0 = Release|x64
		{DD17B77E-4568-4744-811F-C6C97BB29C41}.Release|x86.ActiveCfg = Release|Win32
		{DD17B77E-4568-4744-811F-C6C97BB29C41}.Release|x86.Build.0 = Release|Win32
		{97288E93-D98F-45C7-95B2-52DD28CB835C}.Debug|x64.ActiveCfg = Debug|x64
		{97288E93-D98F-45C7-95B2-52DD28CB835C}.Debug|x64.Build.0 = Debug|x64
		{97288E93-D98F-45C7-95B2-52DD28CB835C}.Debug|x86.ActiveCfg = Debug|Win32
		{97288E93-D98F-45C7-95B2-52DD28CB835C}.Debug|x86.Build.0 = Debug|Win32
		{97288E93-D98F-45C7-95B2-52DD28CB835C}.Release|x64.ActiveCfg = Release|x64
		{97288E93-D98F-45C7-95B2-52DD28CB835C}.Release|x64.Build.0 = Release|x64
		{97288E93-D98F-45C7-95B2-52DD28CB835C}.Release|x86.ActiveCfg = Release|Win32
		{97288E93-D98F-45C7-95B2-52DD28CB835C}.Release|x86.Build.0 = Release|Win32
		{974ED0E2-E744-4A44-A6D7-0AB6EF04E892}.Debug|x64.ActiveCfg = Debug|x64
		{974ED0E2-E744-4A44-A6D7-0AB6EF04E892}.Debug|x64.Build.0 = Debug|x64
		{974ED0E2-E744-4A44-A6D7-0AB6EF04E892}.Debug|x86.ActiveCfg = Debug|Win32
		{974ED0E2-E744-4A44-A6D7-0AB6EF04E892}.Debug|x86.Build.0 = Debug|Win32
		{974ED0E2-E744-4A44-A6D7-0AB6EF04E892}.Release|x64.ActiveCfg = Release|x64
		{974ED0E2-E744-4A44-A6D7-0AB6EF04E892}.Release|x64.Build.0 = Release|x64
		{974ED0E2-E744-4A44-A6D7-0AB6EF04E892}.Release|x86.ActiveCfg = Release|Win32
		{974ED0E2-E744-4A44-A6D7-0AB6EF04E892}.Release|x86.Build.0 = Release|Win32
		{9FE39805-8682-47E9-A6D0-F7642EA3218C}.Debug|x64.ActiveCfg = Debug|x64
		{9FE39805-8682-47E9-A6D0-F7642EA3218C}.Debug|x64.Build.0 = Debug|x64
		{9FE39805-8682-47E9-A6D0-F7642EA3218C}.Debug|x86.ActiveCfg = Debug|Win32
		{9FE39805-8682-47E9-A6D0-F7642EA3218C}.Debug|x86.Build.0 = Debug|Win32
		{9FE39805-8682-47E9-A6D0-F7642EA3218C}.Release|x64.ActiveCfg = Release|x64
		{9FE39805-8682-47E9-A6D0-F7642EA3218C}.Release|x64.Build.0 = Release|x64
		{9FE39805-8682-47E9-A6D0-F7642EA3218C}.Release|x86.ActiveCfg = Release|Win32
		{9FE39805-8682-47E9-A6D0-F7642EA3218C}.Release|x86.Build.0 = Release|Win32
		{AC818012-850B-4678-BA18-5A034EBB5A93}.Debug|x64.ActiveCfg = Debug|x64
		{AC818012-850B-4678-BA18-5A034EBB5A93}.Debug|x64.Build.0 = Debug|x64
		{AC818012-850B-4678-BA18-5A034EBB5A93}.Debug|x86.ActiveCfg = Debug|Win32
		{AC818012-850B-4678-BA18-5A034EBB5A93}.Debug|x86.Build.0 = Debug|Win32
		{AC818012-850B-4678-BA18-5A034EBB5A93}.Release|x64.ActiveCfg = Release|x64
		{AC818012-850B-4678-BA18-5A034EBB5A93}.Release|x64.Build.0 = Release|x64
		{AC818012-850B-4678-BA18-5A034EBB5A93}.Release|x86.ActiveCfg = Release|Win32
		{AC818012-850B-4678-BA18-5A034EBB5A93}.Release|x86.Build.0 = Release|Win32
		{7F56314C-3586-4B27-9083-E44BCB1301D0}.Debug|x64.ActiveCfg = Debug|x64
		{7F56314C-3586-4B27-9083-E44BCB1301D0}.Debug|x64.Build.0 = Debug|x64
		{7F56314C-3586-4B27-9083-E44BCB1301D0}.Debug|x86.ActiveCfg = Debug|Win32
		{7F56314C-3586-4B27-9083-E44BCB1301D0}.Debug|x86.Build.0 = Debug|Win32
		{7F56314C-3586-4B27-9083-E44BCB1301D0}.Release|x64.ActiveCfg = Release|x64
		{7F56314C-3586-4B27-9083-E44BCB1301D0}.Release|x64.Build.0 = Release|x64
		{7F56314C-3586-4B27-9083-E44BCB1301D0}.Release|x86.ActiveCfg = Release|Win32
		{7F56314C-3586-4B27-9083-E44BCB1301D0}.Release|x86.Build.0 = Release|Win32
		{7E6D63DF-4576-44D5-A0CF-24608914E3DD}.Debug|x64.ActiveCfg = Debug|x64
		{7E6D63DF-4576-44D5-A0CF-24608914E3DD}.Debug|x64.Build.0 = Debug|x64
		{7E6D63DF-4576-44D5-A0CF-24608914E3DD}.Debug|x86.ActiveCfg = Debug|Win32
		{7E6D63DF-4576-44D5-A0CF-24608914E3DD}.Debug|x86.Build.0 = Debug|Win32
		{7E6D63DF-4576-44D5-A0CF-24608914E3DD}.Release|x64.ActiveCfg = Release|x64
		{7E6D63DF-4576-44D5-A0CF-24608914E3DD}.Release|x64.Build.0 = Release|x64
		{7E6D63DF-4576-44D5-A0CF-24608914E3DD}.Release|x86.ActiveCfg = Release|Win32
		{7E6D63DF-4576-44D5-A0CF-24608914E3DD}.Release|x86.Build.0 = Release|Win32
		{3CC93546-4A39-4D8F-A3F3-648F8853729A}.Debug|x64.ActiveCfg = Debug|x64
		{3CC93546-4A39-4D8F-A3F3-648F8853729A}.Debug|x64.Build.0 = Debug|x64
		{3CC93546-4A39-4D8F-A3F3-648F8853729A}.Debug|x86.ActiveCfg = Debug|Win32
		{3CC93546-4A39-4D8F-A3F3-648F8853729A}.Debug|x86.Build.0 = Debug|Win32
		{3CC93546-4A39-4D8F-A3F3-648F8853729A}.Release|x64.ActiveCfg = Release|x64
		{3CC93546-4A39-4D8F-A3F3-648F8853729A}.Release|x64.Build.0 = Release|x64
		{3CC93546-4A39-4D8F-A3F3-648F8853729A}.Release|x86.ActiveCfg = Release|Win32
		{3CC93546-4A39-4D8F-A3F3-648F8853729A}.Release|x86.Build.0 = Release|Win32
		{F174D86C-3EA8-452A-BC45-C6FA6C922241}.Debug|x64.ActiveCfg = Debug|x64
		{F174D86C-3EA8-452A-BC45-C6FA6C922241}.Debug|x64.Build.0 = Debug|x64
		{F174D86C-3EA8-452A-BC45-C6FA6C922241}.Debug|x86.ActiveCfg = Debug|Win32
		{F174D86C-3EA8-452A-BC45-C6FA6C922241}.Debug|x86.Build.0 = Debug|Win32
		{F174D86C-3EA8-452A-BC45-C6FA6C922241}.Release|x64.ActiveCfg = Release|x64
		{F174D86C-3EA8-452A-BC45-C6FA6C922241}.Release|x64.Build.0 = Release|x64
		{F174D86C-3EA8-452A-BC45-C6FA6C922241}.Release|x86.ActiveCfg = Release|Win32
		{F174D86C-3EA8-452A-BC45-C6FA6C922241}.Release|x86.Build.0 = Release|Win32
		{490FDB79-31FD-4112-B4E2-6E7181B8BE09}.Debug|x64.ActiveCfg = Debug|x64
		{490FDB79-31FD-4112-B4E2-6E7181B8BE09}.Debug|x64.Build.0 = Debug|x64
		{490FDB79-31FD-4112-B4E2-6E7181B8BE09}.Debug|x86.ActiveCfg = Debug|Win32
		{490FDB79-31FD-4112-B4E2-6E7181B8BE09}.Debug|x86.Build.0 = Debug|Win32
		{490FDB79-31FD-4112-B4E2-6E7181B8BE09}.Release|x64.ActiveCfg = Release|x64
		{490FDB79-31FD-4112-B4E2-6E7181B8BE09}.Release|x64.Build.0 = Release|x64
		{490FDB79-31FD-4112-B4E2-6E7181B8BE09}.Release|x86.ActiveCfg = Release|Win32
		{490FDB79-31FD-4112-B4E2-6E7181B8BE09}.Release|x86.Build.0 = Release|Win32
		{C57DC105-5B1F-44A7-9EEE-1561AC714220}.Debug|x64.ActiveCfg = Debug|x64
		{C57DC105-5B1F-44A7-9EEE-1561AC714220}.Debug|x64.Build.0 = Debug|x64
		{C57DC105-5B1F-44A7-9EEE-1561AC714220}.Debug|x86.ActiveCfg = Debug|Win32
		{C57DC105-5B1F-44A7-9EEE-1561AC714220}.Debug|x86.Build.0 = Debug|Win32
		{C57DC105-5B1F-44A7-9EEE-1561AC714220}.Release|x64.ActiveCfg = Release|x64
		{C57DC105-5B1F-44A7-9EEE-1561AC714220}.Release|x64.Build.0 = Release|x64
		{C57DC105-5B1F-44A7-9EEE-1561AC714220}.Release|x86.ActiveCfg = Release|Win32
		{C57DC105-5B1F-44A7-9EEE-1561AC714220}.Release|x86.Build.0 = Release|Win32
		{81BF5492-5D08-45AF-9EE5-C6DD21F32936}.Debug|x64.ActiveCfg = Debug|x64
		{81BF5492-5D08-45AF-9EE5-C6DD21F32936}.Debug|x64.Build.0 = Debug|x64
		{81BF5492-5D08-45AF-9EE5-C6DD21F32936}.Debug|x86.ActiveCfg = Debug|Win32
		{81BF5492-5D08-45AF-9EE5-C6DD21F32936}.Debug|x86.Build.0 = Debug|Win32
		{81BF5492-5D08-45AF-9EE5-C6DD21F32936}.Release|x64.ActiveCfg = Release|x64
		{81BF5492-5D08-45AF-9EE5-C6DD21F32936}.Release|x64.Build.0 = Release|x64
		{81BF5492-5D08-45AF-9EE5-C6DD21F32936}.Release|x86.ActiveCfg = Release|Win32
		{81BF5492-5D08-45AF-9EE5-C6DD21F32936}.Release|x86.Build.0 = Release|Win32
		{EB79BE10-D5B4-4B6E-973D-8174E9518949}.Debug|x64.ActiveCfg = Debug|x64
		{EB79BE10-D5B4-4B6E-973D-8174E9518949}.Debug|x64.Build.0 = Debug|x64
		{EB79BE10-D5B4-4B6E-973D-8174E9518949}.Debug|x86.ActiveCfg = Debug|Win32
		{EB79BE10-D5B4-4B6E-973D-8174E9518949}.Debug|x86.Build.0 = Debug|Win32
		{EB79BE10-D5B4-4B6E-973D-8174E9518949}.Release|x64.ActiveCfg = Release|x64
		{EB79BE10-D5B4-4B6E-973D-8174E9518949}.Release|x64.Build.0 = Release|x64
		{EB79BE10-D5B4-4B6E-973D-8174E9518949}.Release|x86.ActiveCfg = Release|Win32
		{EB79BE10-D5B4-4B6E-973D-8174E9518949}.Release|x86.Build.0 = Release|Win32
		{782F0850-6B05-4542-BAFB-12543844C911}.Debug|x64.ActiveCfg = Debug|x64
		{782F0850-6B05-4542-BAFB-12543844C911}.Debug|x64.Build.0 = Debug|x64
		{782F0850-6B05-4542-BAFB-12543844C911}.Debug|x86.ActiveCfg = Debug|Win32
		{782F0850-6B05-4542-BAFB-12543844C911}.Debug|x86.Build.0 = Debug|Win32
		{782F0850-6B05-4542-BAFB-12543844C911}.Release|x64.ActiveCfg = Release|x64
		{782F0850-6B05-4542-BAFB-12543844C911}.Release|x64.Build.0 = Release|x64
		{782F0850-6B05-4542-BAFB-12543844C911}.Release|x86.ActiveCfg = Release|Win32
		{782F0850-6B05-4542-BAFB-12543844C911}.Release|x86.Build.0 = Release|Win32
		{3C4BD4A4-542F-4E3C-95E3-50F19B59FF52}.Debug|x64.ActiveCfg = Debug|x64
		{3C4BD4A4-542F-4E3C-95E3-50F19B59FF52}.Debug|x64.Build.0 = Debug|x64
		{3C4BD4A4-542F-4E3C-95E3-50F19B59FF52}.Debug|x86.ActiveCfg = Debug|Win32
		{3C4BD4A4-542F-4E3C-95E3-50F19B59FF52}.Debug|x86.Build.0 = Debug|Win32
		{3C4BD4A4-542F-4E3C-95E3-50F19B59FF52}.Release|x64.ActiveCfg = Release|x64
		{3C4BD4A4-542F-4E3C-95E3-50F19B59FF52}.Release|x64.Build.0 = Release|x64
		{3C4BD4A4-542F-4E3C-95E3-50F19B59FF52}.Release|x86.ActiveCfg = Release|Win32
		{3C4BD4A4-542F-4E3C-95E3-50F19B59FF52}.Release|x86.Build.0 = Release|Win32
		{F5892598-59D4-4DB9-AF4F-C49CA6A110CF}.Debug|x64.ActiveCfg = Debug|x64
		{F5892598-59D4-4DB9-AF4F-C49CA6A110CF}.Debug|x64.Build.0 = Debug|x64
		{F5892598-59D4-4DB9-AF4F-C49CA6A110CF}.Debug|x86.ActiveCfg = Debug|Win32
		{F5892598-59D4-4DB9-AF4F-C49CA6A110CF}.Debug|x86.Build.0 = Debug|Win32
		{F5892598-59D4-4DB9-AF4F-C49CA6A110CF}.Release|x64.ActiveCfg = Release|x64
		{F5892598-59D4-4DB9-AF4F-C49CA6A110CF}.Release|x64.Build.0 = Release|x64
		{F5892598-59D4-4DB9-AF4F-C49CA6A110CF}.Release|x86.ActiveCfg = Release|Win32
		{F5892598-59D4-4DB9-AF4F-C49CA6A110CF}.Release|x86.Build.0 = Release|Win32
		{2C33078D-2BB3-446F-8127-BA09F95B8EB0}.Debug|x64.ActiveCfg = Debug|x64
		{2C33078D-2BB3-446F-8127-BA09F95B8EB0}.Debug|x64.Build.0 = Debug|x64
		{2C33078D-2BB3-446F-8127-BA09F95B8EB0}.Debug|x86.ActiveCfg = Debug|Win32
		{2C33078D-2BB3-446F-8127-BA09F95B8EB0}.Debug|x86.Build.0 = Debug|Win32
		{2C33078D-2BB3-446F-8127-BA09F95B8EB0}.Release|x64.ActiveCfg = Release|x64
		{2C33078D-2BB3-446F-8127-BA09F95B8EB0}.Release|x64.Build.0 = Release|x64
		{2C33078D-2BB3-446F-8127-BA09F95B8EB0}.Release|x86.ActiveCfg = Release|Win32
		{2C33078D-2BB3-446F-8127-BA09F95B8EB0}.Release|x86.Build.0 = Release|Win32
		{15CD3756-5DBC-4DA7-A6EA-B50760B503BD}.Debug|x64.ActiveCfg = Debug|x64
		{15CD3756-5DBC-4DA7-A6EA-B50760B503BD}.Debug|x64.Build.0 = Debug|x64
		{15CD3756-5DBC-4DA7-A6EA-B50760B503BD}.Debug|x86.ActiveCfg = Debug|Win32
		{15CD3756-5DBC-4DA7-A6EA-B50760B503BD}.Debug|x86.Build.0 = Debug|Win32
		{15CD3756-5DBC-4DA7-A6EA-B50760B503BD}.Release|x64.ActiveCfg = Release|x64
		{15CD3756-5DBC-4DA7-A6EA-B50760B503BD}.Release|x64.Build.0 = Release|x64
		{15CD3756-5DBC-4DA7-A6EA-B50760B503BD}.Release|x86.ActiveCfg = Release|Win32
		{15CD3756-5DBC-4DA7-A6EA-B50760B503BD}.Release|x86.Build.0 = Release|Win32
		{E2BC695D-A880-4B00-8AD4-ECF776CA0A38}.Debug|x64.ActiveCfg = Debug|x64
		{E2BC695D-A880-4B00-8AD4-ECF776CA0A38}.Debug|x64.Build.0 = Debug|x64
		{E2BC695D-A880-4B00-8AD4-ECF776CA0A38}.Debug|x86.ActiveCfg = Debug|Win32
		{E2BC695D-A880-4B00-8AD4-ECF776CA0A38}.Debug|x86.Build.0 = Debug|Win32
		{E2BC695D-A880-4B00-8AD4-ECF776CA0A38}.Release|x64.ActiveCfg = Release|x64
		{E2BC695D-A880-4B00-8AD4-ECF776CA0A38}.Release|x64.Build.0 = Release|x64
		{E2BC695D-A880-4B00-8AD4-ECF776CA0A38}.Release|x86.ActiveCfg = Release|Win32
		{E2BC695D-A880-4B00-8AD4-ECF776CA0A38}.Release|x86.Build.0 = Release|Win32
		{2137AE5D-3CD3-4AEE-B540-37CABD81C21C}.Debug|x64.ActiveCfg = Debug|x64
		{2137AE5D-3CD3-4AEE-B540-37CABD81C21C}.Debug|x64.Build.0 = Debug|x64
		{2137AE5D-3CD3-4AEE-B540-37CABD81C21C}.Debug|x86.ActiveCfg = Debug|Win32
		{2137AE5D-3CD3-4AEE-B540-37CABD81C21C}.Debug|x86.Build.0 = Debug|Win32
		{2137AE5D-3CD3-4AEE-B540-37CABD81C21C}.Release|x64.ActiveCfg = Release|x64
		{2137AE5D-3CD3-4AEE-B540-37CABD81C21C}.Release|x64.Build.0 = Release|x64
		{2137AE5D-3CD3-4AEE-B540-37CABD81C21C}.Release|x86.ActiveCfg = Release|Win32
		{2137AE5D-3CD3-4AEE-B540-37CABD81C21C}.Release|x86.Build.0 = Release|Win32
		{E4875F60-CB7C-48B9-A109-B9211C8DCEB1}.Debug|x64.ActiveCfg = Debug|x64
		{E4875F60-CB7C-48B9-A109-B9211C8DCEB1}.Debug|x64.Build.0 = Debug|x64
		{E4875F60-CB7C-48B9-A109-B9211C8DCEB1}.Debug|x86.ActiveCfg = Debug|Win32
		{E4875F60-CB7C-48B9-A109-B9211C8DCEB1}.Debug|x86.Build.0 = Debug|Win32
		{E4875F60-CB7C-48B9-A109-B9211C8DCEB1}.Release|x64.ActiveCfg = Release|x64
		{E4875F60-CB7C-48B9-A109-B9211C8DCEB1}.Release|x64.Build.0 = Release|x64
		{E4875F60-CB7C-48B9-A109-B9211C8DCEB1}.Release|x86.ActiveCfg = Release|Win32
		{E4875F60-CB7C-48B9-A109-B9211C8DCEB1}.Release|x86.Build.0 = Release|Win32
		{0443FA35-44CD-42E1-9ABD-9C06B73E3483}.Debug|x64.ActiveCfg = Debug|x64
		{0443FA35-44CD-42E1-9ABD-9C06B73E3483}.Debug|x64.Build.0 = Debug|x64
		{0443FA35-44CD-42E1-9ABD-9C06B73E3483}.Debug|x86.ActiveCfg = Debug|Win32
		{0443FA35-44CD-42E1-9ABD-9C06B73E3483}.Debug|x86.Build.0 = Debug|Win32
		{0443FA35-44CD-42E1-9ABD-9C06B73E3483}.Release|x64.ActiveCfg = Release|x64
		{0443FA35-44CD-42E1-9ABD-9C06B73E3483}.Release|x64.Build.0 = Release|x64
		{0443FA35-44CD-42E1-9ABD-9C06B73E3483}.Release|x86.ActiveCfg = Release|Win32
		{0443FA35-44CD-42E1-9ABD-9C06B73E3483}.Release|x86.Build.0 = Release|Win32
		{66623696-CB04-47B6-AE0A-7778C882241E}.Debug|x64.ActiveCfg = Debug|x64
		{66623696-CB04-47B6-AE0A-7778C882241E}.Debug|x64.Build.0 = Debug|x64
		{66623696-CB04-47B6-AE0A-7778C882241E}.Debug|x86.ActiveCfg = Debug|Win32
		{66623696-CB04-47B6-AE0A-7778C882241E}.Debug|x86.Build.0 = Debug|Win32
		{66623696-CB04-47B6-AE0A-7778C882241E}.Release|x64.ActiveCfg = Release|x64
		{66623696-CB04-47B6-AE0A-7778C882241E}.Release|x64.Build.0 = Release|x64
		{66623696-CB04-47B6-AE0A-7778C882241E}.Release|x86.ActiveCfg = Release|Win32
		{66623696-CB04-47B6-AE0A-7778C882241E}.Release|x86.Build.0 = Release|Win32
		{177AFC39-0EB8-42B7-AA64-A77394BA13FE}.Debug|x64.ActiveCfg = Debug|x64
		{177AFC39-0EB8-42B7-AA64-A77394BA13FE}.Debug|x64.Build.0 = Debug|x64
		{177AFC39-0EB8-42B7-AA64-A77394BA13FE}.Debug|x86.ActiveCfg = Debug|Win32
		{177AFC39-0EB8-42B7-AA64-A77394BA13FE}.Debug|x86.Build.0 = Debug|Win32
		{177AFC39-0EB8-42B7-AA64-A77394BA13FE}.Release|x64.ActiveCfg = Release|x64
		{177AFC39-0EB8-42B7-AA64-A77394BA13FE}.Release|x64.Build.0 = Release|x64
		{177AFC39-0EB8-42B7-AA64-A77394BA13FE}.Release|x86.ActiveCfg = Release|Win32
		{177AFC39-0EB8-42B7-AA64-A77394BA13FE}.Release|x86.Build.0 = Release|Win32
		{5235B142-4CEB-45B6-82AC-59F2809084E6}.Debug|x64.ActiveCfg = Debug|x64
		{5235B142-4CEB-45B6-82AC-59F2809084E6}.Debug|x64.Build.0 = Debug|x64
		{5235B142-4CEB-45B6-82AC-59F2809084E6}.Debug|x86.ActiveCfg = Debug|Win32
		{5235B142-4CEB-45B6-82AC-59F2809084E6}.Debug|x86.Build.0 = Debug|Win32
		{5235B142-4CEB-45B6-82AC-59F2809084E6}.Release|x64.ActiveCfg = Release|x64
		{5235B142-4CEB-45B6-82AC-59F2809084E6}.Release|x64.Build.0 = Release|x64
		{5235B142-4CEB-45B6-82AC-59F2809084E6}.Release|x86.ActiveCfg = Release|Win32
		{5235B142-4CEB-45B6-82AC-59F2809084E6}.Release|x86.Build.0 = Release|Win32
		{B1F7A9DB-554E-402A-B4A1-3995027D0479}.Debug|x64.ActiveCfg = Debug|x64
		{B1F7A9DB-554E-402A-B4A1-3995027D0479}.Debug|x64.Build.0 = Debug|x64
		{B1F7A9DB-554E-402A-B4A1-3995027D0479}.Debug|x86.ActiveCfg = Debug|Win32
		{B1F7A9DB-554E-402A-B4A1-3995027D0479}.Debug|x86.Build.0 = Debug|Win32
		{B1F7A9DB-554E-402A-B4A1-3995027D0479}.Release|x64.ActiveCfg = Release|x64
		{B1F7A9DB-554E-402A-B4A1-3995027D0479}.Release|x64.Build.0 = Release|x64
		{B1F7A9DB-554E-402A-B4A1-3995027D0479}.Release|x86.ActiveCfg = Release|Win32
		{B1F7A9DB-554E-402A-B4A1-3995027D0479}.Release|x86.Build.0 = Release|Win32
		{BC4DCAA5-03EB-4763-A322-6749897F2837}.Debug|x64.ActiveCfg = Debug|x64
		{BC4DCAA5-03EB-4763-A322-6749897F2837}.Debug|x64.Build.0 = Debug|x64
		{BC4DCAA5-03EB-4763-A322-6749897F2837}.Debug|x86.ActiveCfg = Debug|Win32
		{BC4DCAA5-03EB-4763-A322-6749897F2837}.Debug|x86.Build.0 = Debug|Win32
		{BC4DCAA5-03EB-4763-A322-6749897F2837}.Release|x64.ActiveCfg = Release|x64
		{BC4DCAA5-03EB-4763-A322-6749897F2837}.Release|x64.Build.0 = Release|x64
		{BC4DCAA5-03EB-4763-A322-6749897F2837}.Release|x86.ActiveCfg = Release|Win32
		{BC4DCAA5-03EB-4763-A322-6749897F2837}.Release|x86.Build.0 = Release|Win32
		{E5759F39-04D0-4636-BB96-D1778C563AD9}.Debug|x64.ActiveCfg = Debug|x64
		{E5759F39-04D0-4636-BB96-D1778C563AD9}.Debug|x64.Build.0 = Debug|x64
		{E5759F39-04D0-4636-BB96-D1778C563AD9}.Debug|x86.ActiveCfg = Debug|Win32
		{E5759F39-04D0-4636-BB96-D1778C563AD9}.Debug|x86.Build.0 = Debug|Win32
		{E5759F39-04D0-4636-BB96-D1778C563AD9}.Release|x64.ActiveCfg = Release|x64
		{E5759F39-04D0-4636-BB96-D1778C563AD9}.Release|x64.Build.0 = Release|x64
		{E5759F39-04D0-4636-BB96-D1778C563AD9}.Release|x86.ActiveCfg = Release|Win32
		{E5759F39-04D0-4636-BB96-D1778C563AD9}.Release|x86.Build.0 = Release|Win32
		{AF87528A-58F9-4B39-812E-5484D9E1302E}.Debug|x64.ActiveCfg = Debug|x64
		{AF87528A-58F9-4B39-812E-5484D9E1302E}.Debug|x64.Build.0 = Debug|x64
		{AF87528A-58F9-4B39-812E-5484D9E1302E}.Debug|x86.ActiveCfg = Debug|Win32
		{AF87528A-58F9-4B39-812E-5484D9E1302E}.Debug|x86.Build.0 = Debug|Win32
		{AF87528A-58F9-4B39-812E-5484D9E1302E}.Release|x64.ActiveCfg = Release|x64
		{AF87528A-58F9-4B39-812E-5484D9E1302E}.Release|x64.Build.0 = Release|x64
		{AF87528A-58F9-4B39-812E-5484D9E1302E}.Release|x86.ActiveCfg = Release|Win32
		{AF87528A-58F9-4B39-812E-5484D9E1302E}.Release|x86.Build.0 = Release|Win32
		{9B82503A-02CF-4F6D-9EDE-6E6859EAD1DD}.Debug|x64.ActiveCfg = Debug|x64
		{9B82503A-02CF-4F6D-9EDE-6E6859EAD1DD}.Debug|x64.Build.0 = Debug|x64
		{9B82503A-02CF-4F6D-9EDE-6E6859EAD1DD}.Debug|x86.ActiveCfg = Debug|Win32
		{9B82503A-02CF-4F6D-9EDE-6E6859EAD1DD}.Debug|x86.Build.0 = Debug|Win32
		{9B82503A-02CF-4F6D-9EDE-6E6859EAD1DD}.Release|x64.ActiveCfg = Release|x64
		{9B82503A-02CF-4F6D-9EDE-6E6859EAD1DD}.Release|x64.Build.0 = Release|x64
		{9B82503A-02CF-4F6D-9EDE-6E6859EAD1DD}.Release|x86.ActiveCfg = Release|Win32
		{9B82503A-02CF-4F6D-9EDE-6E6859EAD1DD}.Release|x86.Build.0 = Release|Win32
		{1DBF59CB-ED9E-4A08-8644-74707B8FE94E}.Debug|x64.ActiveCfg = Debug|x64
		{1DBF59CB-ED9E-4A08-8644-74707B8FE94E}.Debug|x64.Build.0 = Debug|x64
		{1DBF59CB-ED9E-4A08-8644-74707B8FE94E}.Debug|x86.ActiveCfg = Debug|Win32
		{1DBF59CB-ED9E-4A08-8644-74707B8FE94E}.Debug|x86.Build.0 = Debug|Win32
		{1DBF59CB-ED9E-4A08-8644-74707B8FE94E}.Release|x64.ActiveCfg = Release|x64
		{1DBF59CB-ED9E-4A08-8644-74707B8FE94E}.Release|x64.Build.0 = Release|x64
		{1DBF59CB-ED9E-4A08-8644-74707B8FE94E}.Release|x86.ActiveCfg = Release|Win32
		{1DBF59CB-ED9E-4A08-8644-74707B8FE94E}.Release|x86.Build.0 = Release|Win32
		{B1AAE8E5-EF5D-4B1F-B24D-1D2AC5065DAA}.Debug|x64.ActiveCfg = Debug|x64
		{B1AAE8E5-EF5D-4B1F-B24D-1D2AC5065DAA}.Debug|x64.Build.0 = Debug|x64
		{B1AAE8E5-EF5D-4B1F-B24D-1D2AC5065DAA}.Debug|x86.ActiveCfg = Debug|Win32
		{B1AAE8E5-EF5D-4B1F-B24D-1D2AC5065DAA}.Debug|x86.Build.0 = Debug|Win32
		{B1AAE8E5-EF5D-4B1F-B24D-1D2AC5065DAA}.Release|x64.ActiveCfg = Release|x64
		{B1AAE8E5-EF5D-4B1F-B24D-1D2AC5065DAA}.Release|x64.Build.0 = Release|x64
		{B1AAE8E5-EF5D-4B1F-B24D-1D2AC5065DAA}.Release|x86.ActiveCfg = Release|Win32
		{B1AAE8E5-EF5D-4B1F-B24D-1D2AC5065DAA}.Release|x86.Build.0 = Release|Win32
		{D7EF5B46-BF85-4424-AC74-01B1A80D2621}.Debug|x64.ActiveCfg = Debug|x64
		{D7EF5B46-BF85-4424-AC74-01B1A80D2621}.Debug|x64.Build.0 = Debug|x64
		{D7EF5B46-BF85-4424-AC74-01B1A80D2621}.Debug|x86.ActiveCfg = Debug|Win32
		{D7EF5B46-BF85-4424-AC74-01B1A80D2621}.Debug|x86.Build.0 = Debug|Win32
		{D7EF5B46-BF85-4424-AC74-01B1A80D2621}.Release|x64.ActiveCfg = Release|x64
		{D7EF5B46-BF85-4424-AC74-01B1A80D2621}.Release|x64.Build.0 = Release|x64
		{D7EF5B46-BF85-4424-AC74-01B1A80D2621}.Release|x86.ActiveCfg = Release|Win32
		{D7EF5B46-BF85-4424-AC74-01B1A80D2621}.Release|x86.Build.0 = Release|Win32
		{3CF1B152-2C88-4F75-B8B7-F0178BE53589}.Debug|x64.ActiveCfg = Debug|x64
		{3CF1B152-2C88-4F75-B8B7-F0178BE53589}.Debug|x64.Build.0 = Debug|x64
		{3CF1B152-2C88-4F75-B8B7-F0178BE53589}.Debug|x86.ActiveCfg = Debug|Win32
		{3CF1B152-2C88-4F75-B8B7-F0178BE53589}.Debug|x86.Build.0 = Debug|Win32
		{3CF1B152-2C88-4F75-B8B7-F0178BE53589}.Release|x64.ActiveCfg = Release|x64
		{3CF1B152-2C88-4F75-B8B7-F0178BE53589}.Release|x64.Build.0 = Release|x64
		{3CF1B152-2C88-4F75-B8B7-F0178BE53589}.Release|x86.ActiveCfg = Release|Win32
		{3CF1B152-2C88-4F75-B8B7-F0178BE53589}.Release|x86.Build.0 = Release|Win32
		{58481A2A-F93D-4C00-96CE-E499633A5E17}.Debug|x64.ActiveCfg = Debug|x64
		{58481A2A-F93D-4C00-96CE-E499633A5E17}.Debug|x64.Build.0 = Debug|x64
		{58481A2A-F93D-4C00-96CE-E499633A5E17}.Debug|x86.ActiveCfg = Debug|Win32
		{58481A2A-F93D-4C00-96CE-E499633A5E17}.Debug|x86.Build.0 = Debug|Win32
		{58481A2A-F93D-4C00-96CE-E499633A5E17}.Release|x64.ActiveCfg = Release|x64
		{58481A2A-F93D-4C00-96CE-E499633A5E17}.Release|x64.Build.0 = Release|x64
		{58481A2A-F93D-4C00-96CE-E499633A5E17}.Release|x86.ActiveCfg = Release|Win32
		{58481A2A-F93D-4C00-96CE-E499633A5E17}.Release|x86.Build.0 = Release|Win32
		{493FF48A-F2FC-4835-9A87-13285C885B2E}.Debug|x64.ActiveCfg = Debug|x64
		{493FF48A-F2FC-4835-9A87-13285C885B2E}.Debug|x64.Build.0 = Debug|x64
		{493FF48A-F2FC-4835-9A87-13285C885B2E}.Debug|x86.ActiveCfg = Debug|Win32
		{493FF48A-F2FC-4835-9A87-13285C885B2E}.Debug|x86.Build.0 = Debug|Win32
		{493FF48A-F2FC-4835-9A87-13285C885B2E}.Release|x64.ActiveCfg = Release|x64
		{493FF48A-F2FC-4835-9A87-13285C885B2E}.Release|x64.Build.0 = Release|x64
		{493FF48A-F2FC-4835-9A87-13285C885B2E}.Release|x86.ActiveCfg = Release|Win32
		{493FF48A-F2FC-4835-9A87-13285C885B2E}.Release|x86.Build.0 = Release|Win32
		{7D41BC1B-EFC6-4C20-9EF3-E097C38E7E35}.Debug|x64.ActiveCfg = Debug|x64
		{7D41BC1B-EFC6-4C20-9EF3-E097C38E7E35}.Debug|x64.Build.0 = Debug|x64
		{7D41BC1B-EFC6-4C20-9EF3-E097C38E7E35}.Debug|x86.ActiveCfg = Debug|Win32
		{7D41BC1B-EFC6-4C20-9EF3-E097C38E7E35}.Debug|x86.Build.0 = Debug|Win32
		{7D41BC1B-EFC6-4C20-9EF3-E097C38E7E35}.Release|x64.ActiveCfg = Release|x64
		{7D41BC1B-EFC6-4C20-9EF3-E097C38E7E35}.Release|x64.Build.0 = Release|x64
		{7D41BC1B-EFC6-4C20-9EF3-E097C38E7E35}.Release|x86.ActiveCfg = Release|Win32
		{7D41BC1B-EFC6-4C20-9EF3-E097C38E7E35}.Release|x86.Build.0 = Release|Win32
		{EB64724A-CE55-4148-8B34-4FE3614102DD}.Debug|x64.ActiveCfg = Debug|x64
		{EB64724A-CE55-4148-8B34-4FE3614102DD}.Debug|x64.Build.0 = Debug|x64
		{EB64724A-CE55-4148-8B34-4FE3614102DD}.Debug|x86.ActiveCfg = Debug|Win32
		{EB64724A-CE55-4148-8B34-4FE3614102DD}.Debug|x86.Build.0 = Debug|Win32
		{EB64724A-CE55-4148-8B34-4FE3614102DD}.Release|x64.ActiveCfg = Release|x64
		{EB64724A-CE55-4148-8B34-4FE3614102DD}.Release|x64.Build.0 = Release|x64
		{EB64724A-CE55-4148-8B34-4FE3614102DD}.Release|x86.ActiveCfg = Release|Win32
		{EB64724A-CE55-4148-8B34-4FE3614102DD}.Release|x86.Build.0 = Release|Win32
		{6980065D-443C-451C-A677-EE256F5209B3}.Debug|x64.ActiveCfg = Debug|x64
		{6980065D-443C-451C-A677-EE256F5209B3}.Debug|x64.Build.0 = Debug|x64
		{6980065D-443C-451C-A677-EE256F5209B3}.Debug|x86.ActiveCfg = Debug|Win32
		{6980065D-443C-451C-A677-EE256F5209B3}.Debug|x86.Build.0 = Debug|Win32
		{6980065D-443C-451C-A677-EE256F5209B3}.Release|x64.ActiveCfg = Release|x64
		{6980065D-443C-451C-A677-EE256F5209B3}.Release|x64.Build.0 = Release|x64
		{6980065D-443C-451C-A677-EE256F5209B3}.Release|x86.ActiveCfg = Release|Win32
		{6980065D-443C-451C-A677-EE256F5209B3}.Release|x86.Build.0 = Release|Win32
		{30F7307B-6B58-4C4D-99BA-980FA770A00D}.Debug|x64.ActiveCfg = Debug|x64
		{30F7307B-6B58-4C4D-99BA-980FA770A00D}.Debug|x64.Build.0 = Debug|x64
		{30F7307B-6B58-4C4D-99BA-980FA770A00D}.Debug|x86.ActiveCfg = Debug|Win32
		{30F7307B-6B58-4C4D-99BA-980FA770A00D}.Debug|x86.Build.0 = Debug|Win32
		{30F7307B-6B58-4C4D-99BA-980FA770A00D}.Release|x64.ActiveCfg = Release|x64
		{30F7307B-6B58-4C4D-99BA-980FA770A00D}.Release|x64.Build.0 = Release|x64
		{30F7307B-6B58-4C4D-99BA-980FA770A00D}.Release|x86.ActiveCfg = Release|Win32
		{30F7307B-6B58-4C4D-99BA-980FA770A00D}.Release|x86.Build.0 = Release|Win32
		{F25AB33A-E29E-42BC-B08D-CB755CF572E0}.Debug|x64.ActiveCfg = Debug|x64
		{F25AB33A-E29E-42BC-B08D-CB755CF572E0}.Debug|x64.Build.0 = Debug|x64
		{F25AB33A-E29E-42BC-B08D-CB755CF572E0}.Debug|x86.ActiveCfg = Debug|Win32
		{F25AB33A-E29E-42BC-B08D-CB755CF572E0}.Debug|x86.Build.0 = Debug|Win32
		{F25AB33A-E29E-42BC-B08D-CB755CF572E0}.Release|x64.ActiveCfg = Release|x64
		{F25AB33A-E29E-42BC-B08D-CB755CF572E0}.Release|x64.Build.0 = Release|x64
		{F25AB33A-E29E-42BC-B08D-CB755CF572E0}.Release|x86.ActiveCfg = Release|Win32
		{F25AB33A-E29E-42BC-B08D-CB755CF572E0}.Release|x86.Build.0 = Release|Win32
		{61E04C56-C4CA-49C5-A2D8-A410892AA3F0}.Debug|x64.ActiveCfg = Debug|x64
		{61E04C56-C4CA-49C5-A2D8-A410892AA3F0}.Debug|x64.Build.0 = Debug|x64
		{61E04C56-C4CA-49C5-A2D8-A410892AA3F0}.Debug|x86.ActiveCfg = Debug|Win32
		{61E04C56-C4CA-49C5-A2D8-A410892AA3F0}.Debug|x86.Build.0 = Debug|Win32
		{61E04C56-C4CA-49C5-A2D8-A410892AA3F0}.Release|x64.ActiveCfg = Release|x64
		{61E04C56-C4CA-49C5-A2D8-A410892AA3F0}.Release|x64.Build.0 = Release|x64
		{61E04C56-C4CA-49C5-A2D8-A410892AA3F0}.Release|x86.ActiveCfg = Release|Win32
		{61E04C56-C4CA-49C5-A2D8-A410892AA3F0}.Release|x86.Build.0 = Release|Win32
		{F76FC5E2-4977-4F8D-BD39-F9F8649833B8}.Debug|x64.ActiveCfg = Debug|x64
		{F76FC5E2-4977-4F8D-BD39-F9F8649833B8}.Debug|x64.Build.0 = Debug|x64
		{F76FC5E2-4977-4F8D-BD39-F9F8649833B8}.Debug|x86.ActiveCfg = Debug|Win32
		{F76FC5E2-4977-4F8D-BD39-F9F8649833B8}.Debug|x86.Build.0 = Debug|Win32
		{F76FC5E2-4977-4F8D-BD39-F9F8649833B8}.Release|x64.ActiveCfg = Release|x64
		{F76FC5E2-4977-4F8D-BD39-F9F8649833B8}.Release|x64.Build.0 = Release|x64
		{F76FC5E2-4977-4F8D-BD39-F9F8649833B8}.Release|x86.ActiveCfg = Release|Win32
		{F76FC5E2-4977-4F8D-BD39-F9F8649833B8}.Release|x86.Build.0 = Release|Win32
		{E3BDC117-0F3E-46EA-AB8F-25B42AB27580}.Debug|x64.ActiveCfg = Debug|x64
		{E3BDC117-0F3E-46EA-AB8F-25B42AB27580}.Debug|x64.Build.0 = Debug|x64
		{E3BDC117-0F3E-46EA-AB8F-25B42AB27580}.Debug|x86.ActiveCfg = Debug|Win32
		{E3BDC117-0F3E-46EA-AB8F-25B42AB27580}.Debug|x86.Build.0 = Debug|Win32
		{E3BDC117-0F3E-46EA-AB8F-25B42AB27580}.Release|x64.ActiveCfg = Release|x64
		{E3BDC117-0F3E-46EA-AB8F-25B42AB27580}.Release|x64.Build.0 = Release|x64
		{E3BDC117-0F3E-46EA-AB8F-25B42AB27580}.Release|x86.ActiveCfg = Release|Win32
		{E3BDC117-0F3E-46EA-AB8F-25B42AB27580}.Release|x86.Build.0 = Release|Win32
		{1AB6F2DA-735B-46E9-8B56-F3FAACF904E2}.Debug|x64.ActiveCfg = Debug|x64
		{1AB6F2DA-735B-46E9-8B56-F3FAACF904E2}.Debug|x64.Build.0 = Debug|x64
		{1AB6F2DA-735B-46E9-8B56-F3FAACF904E2}.Debug|x86.ActiveCfg = Debug|Win32
		{1AB6F2DA-735B-46E9-8B56-F3FAACF904E2}.Debug|x86.Build.0 = Debug|Win32
		{1AB6F2DA-735B-46E9-8B56-F3FAACF904E2}.Release|x64.ActiveCfg = Release|x64
		{1AB6F2DA-735B-46E9-8B56-F3FAACF904E2}.Release|x64.Build.0 = Release|x64
		{1AB6F2DA-735B-46E9-8B56-F3FAACF904E2}.Release|x86.ActiveCfg = Release|Win32
		{1AB6F2DA-735B-46E9-8B56-F3FAACF904E2}.Release|x86.Build.0 = Release|Win32
		{62B3961D-3B8D-4C19-8C12-940ADE942A28}.Debug|x64.ActiveCfg = Debug|x64
		{62B3961D-3B8D-4C19-8C12-940ADE942A28}.Debug|x64.Build.0 = Debug|x64
		{62B3961D-3B8D-4C19-8C12-940ADE942A28}.Debug|x86.ActiveCfg = Debug|Win32
		{62B3961D-3B8D-4C19-8C12-940ADE942A28}.Debug|x86.Build.0 = Debug|Win32
		{62B3961D-3B8D-4C19-8C12-940ADE942A28}.Release|x64.ActiveCfg = Release|x64
		{62B3961D-3B8D-4C19-8C12-940ADE942A28}.Release|x64.Build.0 = Release|x64
		{62B3961D-3B8D-4C19-8C12-940ADE942A28}.Release|x86.ActiveCfg = Release|Win32
		{62B3961D-3B8D-4C19-8C12-940ADE942A28}.Release|x86.Build.0 = Release|Win32
		{935DFA59-0265-4B11-A426-4A23E90F771A}.Debug|x64.ActiveCfg = Debug|x64
		{935DFA59-0265-4B11-A426-4A23E90F771A}.Debug|x64.Build.0 = Debug|x64
		{935DFA59-0265-4B11-A426-4A23E90F771A}.Debug|x86.ActiveCfg = Debug|Win32
		{935DFA59-0265-4B11-A426-4A23E90F771A}.Debug|x86.Build.0 = Debug|Win32
		{935DFA59-0265-4B11-A426-4A23E90F771A}.Release|x64.ActiveCfg = Release|x64
		{935DFA59-0265-4B11-A426-4A23E90F771A}.Release|x64.Build.0 = Release|x64
		{935DFA59-0265-4B11-A426-4A23E90F771A}.Release|x86.ActiveCfg = Release|Win32
		{935DFA59-0265-4B11-A426-4A23E90F771A}.Release|x86.Build.0 = Release|Win32
		{66E503EC-17F5-4BBF-84AB-AFB55B851894}.Debug|x64.ActiveCfg = Debug|x64
		{66E503EC-17F5-4BBF-84AB-AFB55B851894}.Debug|x64.Build.0 = Debug|x64
		{66E503EC-17F5-4BBF-84AB-AFB55B851894}.Debug|x86.ActiveCfg = Debug|Win32
		{66E503EC-17F5-4BBF-84AB-AFB55B851894}.Debug|x86.Build.0 = Debug|Win32
		{66E503EC-17F5-4BBF-84AB-AFB55B851894}.Release|x64.ActiveCfg = Release|x64
		{66E503EC-17F5-4BBF-84AB-AFB55B851894}.Release|x64.Build.0 = Release|x64
		{66E503EC-17F5-4BBF-84AB-AFB55B851894}.Release|x86.ActiveCfg = Release|Win32
		{66E503EC-17F5-4BBF-84AB-AFB55B851894}.Release|x86.Build.0 = Release|Win32
		{1B35DF7D-B94F-4C91-B110-096CB2F6C357}.Debug|x64.ActiveCfg = Debug|x64
		{1B35DF7D-B94F-4C91-B110-096CB2F6C357}.Debug|x64.Build.0 = Debug|x64
		{1B35DF7D-B94F-4C91-B110-096CB2F6C357}.Debug|x86.ActiveCfg = Debug|Win32
		{1B35DF7D-B94F-4C91-B110-096CB2F6C357}.Debug|x86.Build.0 = Debug|Win32
		{1B35DF7D-B94F-4C91-B110-096CB2F6C357}.Release|x64.ActiveCfg = Release|x64
		{1B35DF7D-B94F-4C91-B110-096CB2F6C357}.Release|x64.Build.0 = Release|x64
		{1B35DF7D-B94F-4C91-B110-096CB2F6C357}.Release|x86.ActiveCfg = Release|Win32
		{1B35DF7D-B94F-4C91-B110-096CB2F6C357}.Release|x86.Build.0 = Release|Win32
		{25DA153D-AB53-4BD2-B269-BD3A93BC2F01}.Debug|x64.ActiveCfg = Debug|x64
		{25DA153D-AB53-4BD2-B269-BD3A93BC2F01}.Debug|x64.Build.0 = Debug|x64
		{25DA153D-AB53-4BD2-B269-BD3A93BC2F01}.Debug|x86.ActiveCfg = Debug|Win32
		{25DA153D-AB53-4BD2-B269-BD3A93BC2F01}.Debug|x86.Build.0 = Debug|Win32
		{25DA153D-AB53-4BD2-B269-BD3A93BC2F01}.Release|x64.ActiveCfg = Release|x64
		{25DA153D-AB53-4BD2-B269-BD3A93BC2F01}.Release|x64.Build.0 = Release|x64
		{25DA153D-AB53-4BD2-B269-BD3A93BC2F01}.Release|x86.ActiveCfg = Release|Win32
		{25DA153D-AB53-4BD2-B269-BD3A93BC2F01}.Release|x86.Build.0 = Release|Win32
		{CA78849D-4C63-4BEB-ACDA-D63B3B834548}.Debug|x64.ActiveCfg = Debug|x64
		{CA78849D-4C63-4BEB-ACDA-D63B3B834548}.Debug|x64.Build.0 = Debug|x64
		{CA78849D-4C63-4BEB-ACDA-D63B3B834548}.Debug|x86.ActiveCfg = Debug|Win32
		{CA78849D-4C63-4BEB-ACDA-D63B3B834548}.Debug|x86.Build.0 = Debug|Win32
		{CA78849D-4C63-4BEB-ACDA-D63B3B834548}.Release|x64.ActiveCfg = Release|x64
		{CA78849D-4C63-4BEB-ACDA-D63B3B834548}.Release|x64.Build.0 = Release|x64
		{CA78849D-4C63-4BEB-ACDA-D63B3B834548}.Release|x86.ActiveCfg = Release|Win32
		{CA78849D-4C63-4BEB-ACDA-D63B3B834548}.Release|x86.Build.0 = Release|Win32
		{A0BA9B46-313B-4F9D-B19A-7247D69EC1D3}.Debug|x64.ActiveCfg = Debug|x64
		{A0BA9B46-313B-4F9D-B19A-7247D69EC1D3}.Debug|x64.Build.0 = Debug|x64
		{A0BA9B46-313B-4F9D-B19A-7247D69EC1D3}.Debug|x86.ActiveCfg = Debug|Win32
		{A0BA9B46-313B-4F9D-B19A-7247D69EC1D3}.Debug|x86.Build.0 = Debug|Win32
		{A0BA9B46-313B-4F9D-B19A-7247D69EC1D3}.Release|x64.ActiveCfg = Release|x64
		{A0BA9B46-313B-4F9D-B19A-7247D69EC1D3}.Release|x64.Build.0 = Release|x64
		{A0BA9B46-313B-4F9D-B19A-7247D69EC1D3}.Release|x86.ActiveCfg = Release|Win32
		{A0BA9B46-313B-4F9D-B19A-7247D69EC1D3}.Release|x86.Build.0 = Release|Win32
	EndGlobalSection
	GlobalSection(SolutionProperties) = preSolution
		HideSolutionNode = FALSE
	EndGlobalSection
	GlobalSection(NestedProjects) = preSolution
		{FB272D14-82CE-44B7-B463-B7CA65E9CD32} = {CF1F8668-4DE7-4EDC-902D-589D455AC50E}
		{5A79B1F1-18DC-4784-9407-98F22A689559} = {CF1F8668-4DE7-4EDC-902D-589D455AC50E}
		{A36AF53D-9A62-4B3C-B958-1C05F5600583} = {CF1F8668-4DE7-4EDC-902D-589D455AC50E}
		{402C6C2A-84D9-46DD-8C92-D8382A7E267D} = {CF1F8668-4DE7-4EDC-902D-589D455AC50E}
		{DD17B77E-4568-4744-811F-C6C97BB29C41} = {CF1F8668-4DE7-4EDC-902D-589D455AC50E}
		{97288E93-D98F-45C7-95B2-52DD28CB835C} = {CF1F8668-4DE7-4EDC-902D-589D455AC50E}
		{974ED0E2-E744-4A44-A6D7-0AB6EF04E892} = {CF1F8668-4DE7-4EDC-902D-589D455AC50E}
		{9FE39805-8682-47E9-A6D0-F7642EA3218C} = {CF1F8668-4DE7-4EDC-902D-589D455AC50E}
		{AC818012-850B-4678-BA18-5A034EBB5A93} = {CF1F8668-4DE7-4EDC-902D-589D455AC50E}
		{7F56314C-3586-4B27-9083-E44BCB1301D0} = {CF1F8668-4DE7-4EDC-902D-589D455AC50E}
		{7E6D63DF-4576-44D5-A0CF-24608914E3DD} = {CF1F8668-4DE7-4EDC-902D-589D455AC50E}
		{3CC93546-4A39-4D8F-A3F3-648F8853729A} = {CF1F8668-4DE7-4EDC-902D-589D455AC50E}
		{F174D86C-3EA8-452A-BC45-C6FA6C922241} = {CF1F8668-4DE7-4EDC-902D-589D455AC50E}
		{490FDB79-31FD-4112-B4E2-6E7181B8BE09} = {CF1F8668-4DE7-4EDC-902D-589D455AC50E}
		{C57DC105-5B1F-44A7-9EEE-1561AC714220} = {CF1F8668-4DE7-4EDC-902D-589D455AC50E}
		{81BF5492-5D08-45AF-9EE5-C6DD21F32936} = {CF1F8668-4DE7-4EDC-902D-589D455AC50E}
		{EB79BE10-D5B4-4B6E-973D-8174E9518949} = {CF1F8668-4DE7-4EDC-902D-589D455AC50E}
		{782F0850-6B05-4542-BAFB-12543844C911} = {CF1F8668-4DE7-4EDC-902D-589D455AC50E}
		{3C4BD4A4-542F-4E3C-95E3-50F19B59FF52} = {CF1F8668-4DE7-4EDC-902D-589D455AC50E}
		{F5892598-59D4-4DB9-AF4F-C49CA6A110CF} = {CF1F8668-4DE7-4EDC-902D-589D455AC50E}
		{2C33078D-2BB3-446F-8127-BA09F95B8EB0} = {C544E24A-A65E-4BA5-B9FC-7E502A062F8F}
		{E2BC695D-A880-4B00-8AD4-ECF776CA0A38} = {C544E24A-A65E-4BA5-B9FC-7E502A062F8F}
		{2137AE5D-3CD3-4AEE-B540-37CABD81C21C} = {C544E24A-A65E-4BA5-B9FC-7E502A062F8F}
		{E4875F60-CB7C-48B9-A109-B9211C8DCEB1} = {C544E24A-A65E-4BA5-B9FC-7E502A062F8F}
		{0443FA35-44CD-42E1-9ABD-9C06B73E3483} = {C544E24A-A65E-4BA5-B9FC-7E502A062F8F}
		{66623696-CB04-47B6-AE0A-7778C882241E} = {C544E24A-A65E-4BA5-B9FC-7E502A062F8F}
		{177AFC39-0EB8-42B7-AA64-A77394BA13FE} = {C544E24A-A65E-4BA5-B9FC-7E502A062F8F}
		{5235B142-4CEB-45B6-82AC-59F2809084E6} = {AB31D572-0B5A-4B00-972F-F9B7E67FF479}
		{B1F7A9DB-554E-402A-B4A1-3995027D0479} = {AB31D572-0B5A-4B00-972F-F9B7E67FF479}
		{BC4DCAA5-03EB-4763-A322-6749897F2837} = {AB31D572-0B5A-4B00-972F-F9B7E67FF479}
		{E5759F39-04D0-4636-BB96-D1778C563AD9} = {AB31D572-0B5A-4B00-972F-F9B7E67FF479}
		{AF87528A-58F9-4B39-812E-5484D9E1302E} = {AB31D572-0B5A-4B00-972F-F9B7E67FF479}
		{9B82503A-02CF-4F6D-9EDE-6E6859EAD1DD} = {AB31D572-0B5A-4B00-972F-F9B7E67FF479}
		{1DBF59CB-ED9E-4A08-8644-74707B8FE94E} = {AB31D572-0B5A-4B00-972F-F9B7E67FF479}
		{B1AAE8E5-EF5D-4B1F-B24D-1D2AC5065DAA} = {AB31D572-0B5A-4B00-972F-F9B7E67FF479}
		{D7EF5B46-BF85-4424-AC74-01B1A80D2621} = {AB31D572-0B5A-4B00-972F-F9B7E67FF479}
		{3CF1B152-2C88-4F75-B8B7-F0178BE53589} = {AB31D572-0B5A-4B00-972F-F9B7E67FF479}
		{58481A2A-F93D-4C00-96CE-E499633A5E17} = {AB31D572-0B5A-4B00-972F-F9B7E67FF479}
		{493FF48A-F2FC-4835-9A87-13285C885B2E} = {AB31D572-0B5A-4B00-972F-F9B7E67FF479}
		{7D41BC1B-EFC6-4C20-9EF3-E097C38E7E35} = {AB31D572-0B5A-4B00-972F-F9B7E67FF479}
		{EB64724A-CE55-4148-8B34-4FE3614102DD} = {AB31D572-0B5A-4B00-972F-F9B7E67FF479}
		{6980065D-443C-451C-A677-EE256F5209B3} = {AB31D572-0B5A-4B00-972F-F9B7E67FF479}
		{30F7307B-6B58-4C4D-99BA-980FA770A00D} = {AB31D572-0B5A-4B00-972F-F9B7E67FF479}
		{F25AB33A-E29E-42BC-B08D-CB755CF572E0} = {AB31D572-0B5A-4B00-972F-F9B7E67FF479}
		{61E04C56-C4CA-49C5-A2D8-A410892AA3F0} = {AB31D572-0B5A-4B00-972F-F9B7E67FF479}
		{F76FC5E2-4977-4F8D-BD39-F9F8649833B8} = {AB31D572-0B5A-4B00-972F-F9B7E67FF479}
		{E3BDC117-0F3E-46EA-AB8F-25B42AB27580} = {AB31D572-0B5A-4B00-972F-F9B7E67FF479}
		{1AB6F2DA-735B-46E9-8B56-F3FAACF904E2} = {AB31D572-0B5A-4B00-972F-F9B7E67FF479}
		{62B3961D-3B8D-4C19-8C12-940ADE942A28} = {AB31D572-0B5A-4B00-972F-F9B7E67FF479}
		{935DFA59-0265-4B11-A426-4A23E90F771A} = {AB31D572-0B5A-4B00-972F-F9B7E67FF479}
		{66E503EC-17F5-4BBF-84AB-AFB55B851894} = {AB31D572-0B5A-4B00-972F-F9B7E67FF479}
		{1B35DF7D-B94F-4C91-B110-096CB2F6C357} = {AB31D572-0B5A-4B00-972F-F9B7E67FF479}
		{25DA153D-AB53-4BD2-B269-BD3A93BC2F01} = {AB31D572-0B5A-4B00-972F-F9B7E67FF479}
		{CA78849D-4C63-4BEB-ACDA-D63B3B834548} = {AB31D572-0B5A-4B00-972F-F9B7E67FF479}
		{A0BA9B46-313B-4F9D-B19A-7247D69EC1D3} = {AB31D572-0B5A-4B00-972F-F9B7E67FF479}
	EndGlobalSection
	GlobalSection(ExtensibilityGlobals) = postSolution
		SolutionGuid = {E3C5A34C-FC26-43EA-B7C9-C5D405EBF267}
	EndGlobalSection
EndGlobal
