
Microsoft Visual Studio Solution File, Format Version 12.00
# Visual Studio Version 16
VisualStudioVersion = 16.0.31205.134
MinimumVisualStudioVersion = 10.0.40219.1
Project("{8BC9CEB8-8B4A-11D0-8D11-00A0C91BC942}") = "1-01", "1-1\1-1.vcxproj", "{FB272D14-82CE-44B7-B463-B7CA65E9CD32}"
EndProject
Project("{8BC9CEB8-8B4A-11D0-8D11-00A0C91BC942}") = "1-02", "1-2\1-2.vcxproj", "{5A79B1F1-18DC-4784-9407-98F22A689559}"
EndProject
Project("{8BC9CEB8-8B4A-11D0-8D11-00A0C91BC942}") = "1-03", "1-3\1-3.vcxproj", "{A36AF53D-9A62-4B3C-B958-1C05F5600583}"
EndProject
Project("{8BC9CEB8-8B4A-11D0-8D11-00A0C91BC942}") = "1-04", "1-4\1-4.vcxproj", "{402C6C2A-84D9-46DD-8C92-D8382A7E267D}"
EndProject
Project("{8BC9CEB8-8B4A-11D0-8D11-00A0C91BC942}") = "1-05", "1-5\1-5.vcxproj", "{DD17B77E-4568-4744-811F-C6C97BB29C41}"
EndProject
Project("{8BC9CEB8-8B4A-11D0-8D11-00A0C91BC942}") = "1-06", "1-6\1-6.vcxproj", "{97288E93-D98F-45C7-95B2-52DD28CB835C}"
EndProject
Project("{8BC9CEB8-8B4A-11D0-8D11-00A0C91BC942}") = "1-07", "1-7\1-7.vcxproj", "{974ED0E2-E744-4A44-A6D7-0AB6EF04E892}"
EndProject
Project("{8BC9CEB8-8B4A-11D0-8D11-00A0C91BC942}") = "1-08", "1-8\1-8.vcxproj", "{9FE39805-8682-47E9-A6D0-F7642EA3218C}"
EndProject
Project("{8BC9CEB8-8B4A-11D0-8D11-00A0C91BC942}") = "1-09", "1-9\1-9.vcxproj", "{AC818012-850B-4678-BA18-5A034EBB5A93}"
EndProject
Project("{8BC9CEB8-8B4A-11D0-8D11-00A0C91BC942}") = "1-10", "1-10\1-10.vcxproj", "{7F56314C-3586-4B27-9083-E44BCB1301D0}"
EndProject
Project("{8BC9CEB8-8B4A-11D0-8D11-00A0C91BC942}") = "1-11", "1-11\1-11.vcxproj", "{7E6D63DF-4576-44D5-A0CF-24608914E3DD}"
EndProject
Project("{8BC9CEB8-8B4A-11D0-8D11-00A0C91BC942}") = "1-13", "1-13\1-13.vcxproj", "{3CC93546-4A39-4D8F-A3F3-648F8853729A}"
EndProject
Project("{8BC9CEB8-8B4A-11D0-8D11-00A0C91BC942}") = "1-15", "1-15\1-15.vcxproj", "{F174D86C-3EA8-452A-BC45-C6FA6C922241}"
EndProject
Project("{8BC9CEB8-8B4A-11D0-8D11-00A0C91BC942}") = "1-16", "1-16\1-16.vcxproj", "{490FDB79-31FD-4112-B4E2-6E7181B8BE09}"
EndProject
Project("{8BC9CEB8-8B4A-11D0-8D11-00A0C91BC942}") = "1-18", "1-18\1-18.vcxproj", "{C57DC105-5B1F-44A7-9EEE-1561AC714220}"
EndProject
Project("{8BC9CEB8-8B4A-11D0-8D11-00A0C91BC942}") = "1-19", "1-19\1-19.vcxproj", "{81BF5492-5D08-45AF-9EE5-C6DD21F32936}"
EndProject
Project("{8BC9CEB8-8B4A-11D0-8D11-00A0C91BC942}") = "1-20", "1-20\1-20.vcxproj", "{EB79BE10-D5B4-4B6E-973D-8174E9518949}"
EndProject
Project("{8BC9CEB8-8B4A-11D0-8D11-00A0C91BC942}") = "1-21", "1-21\1-21.vcxproj", "{782F0850-6B05-4542-BAFB-12543844C911}"
EndProject
Project("{8BC9CEB8-8B4A-11D0-8D11-00A0C91BC942}") = "1-22", "1-22\1-22.vcxproj", "{3C4BD4A4-542F-4E3C-95E3-50F19B59FF52}"
EndProject
Project("{8BC9CEB8-8B4A-11D0-8D11-00A0C91BC942}") = "1-23", "1-23\1-23.vcxproj", "{F5892598-59D4-4DB9-AF4F-C49CA6A110CF}"
EndProject
Global
	GlobalSection(SolutionConfigurationPlatforms) = preSolution
		Debug|x64 = Debug|x64
		Debug|x86 = Debug|x86
		Release|x64 = Release|x64
		Release|x86 = Release|x86
	EndGlobalSection
	GlobalSection(ProjectConfigurationPlatforms) = postSolution
		{FB272D14-82CE-44B7-B463-B7CA65E9CD32}.Debug|x64.ActiveCfg = Debug|x64
		{FB272D14-82CE-44B7-B463-B7CA65E9CD32}.Debug|x64.Build.0 = Debug|x64
		{FB272D14-82CE-44B7-B463-B7CA65E9CD32}.Debug|x86.ActiveCfg = Debug|Win32
		{FB272D14-82CE-44B7-B463-B7CA65E9CD32}.Debug|x86.Build.0 = Debug|Win32
		{FB272D14-82CE-44B7-B463-B7CA65E9CD32}.Release|x64.ActiveCfg = Release|x64
		{FB272D14-82CE-44B7-B463-B7CA65E9CD32}.Release|x64.Build.0 = Release|x64
		{FB272D14-82CE-44B7-B463-B7CA65E9CD32}.Release|x86.ActiveCfg = Release|Win32
		{FB272D14-82CE-44B7-B463-B7CA65E9CD32}.Release|x86.Build.0 = Release|Win32
		{5A79B1F1-18DC-4784-9407-98F22A689559}.Debug|x64.ActiveCfg = Debug|x64
		{5A79B1F1-18DC-4784-9407-98F22A689559}.Debug|x64.Build.0 = Debug|x64
		{5A79B1F1-18DC-4784-9407-98F22A689559}.Debug|x86.ActiveCfg = Debug|Win32
		{5A79B1F1-18DC-4784-9407-98F22A689559}.Debug|x86.Build.0 = Debug|Win32
		{5A79B1F1-18DC-4784-9407-98F22A689559}.Release|x64.ActiveCfg = Release|x64
		{5A79B1F1-18DC-4784-9407-98F22A689559}.Release|x64.Build.0 = Release|x64
		{5A79B1F1-18DC-4784-9407-98F22A689559}.Release|x86.ActiveCfg = Release|Win32
		{5A79B1F1-18DC-4784-9407-98F22A689559}.Release|x86.Build.0 = Release|Win32
		{A36AF53D-9A62-4B3C-B958-1C05F5600583}.Debug|x64.ActiveCfg = Debug|x64
		{A36AF53D-9A62-4B3C-B958-1C05F5600583}.Debug|x64.Build.0 = Debug|x64
		{A36AF53D-9A62-4B3C-B958-1C05F5600583}.Debug|x86.ActiveCfg = Debug|Win32
		{A36AF53D-9A62-4B3C-B958-1C05F5600583}.Debug|x86.Build.0 = Debug|Win32
		{A36AF53D-9A62-4B3C-B958-1C05F5600583}.Release|x64.ActiveCfg = Release|x64
		{A36AF53D-9A62-4B3C-B958-1C05F5600583}.Release|x64.Build.0 = Release|x64
		{A36AF53D-9A62-4B3C-B958-1C05F5600583}.Release|x86.ActiveCfg = Release|Win32
		{A36AF53D-9A62-4B3C-B958-1C05F5600583}.Release|x86.Build.0 = Release|Win32
		{402C6C2A-84D9-46DD-8C92-D8382A7E267D}.Debug|x64.ActiveCfg = Debug|x64
		{402C6C2A-84D9-46DD-8C92-D8382A7E267D}.Debug|x64.Build.0 = Debug|x64
		{402C6C2A-84D9-46DD-8C92-D8382A7E267D}.Debug|x86.ActiveCfg = Debug|Win32
		{402C6C2A-84D9-46DD-8C92-D8382A7E267D}.Debug|x86.Build.0 = Debug|Win32
		{402C6C2A-84D9-46DD-8C92-D8382A7E267D}.Release|x64.ActiveCfg = Release|x64
		{402C6C2A-84D9-46DD-8C92-D8382A7E267D}.Release|x64.Build.0 = Release|x64
		{402C6C2A-84D9-46DD-8C92-D8382A7E267D}.Release|x86.ActiveCfg = Release|Win32
		{402C6C2A-84D9-46DD-8C92-D8382A7E267D}.Release|x86.Build.0 = Release|Win32
		{DD17B77E-4568-4744-811F-C6C97BB29C41}.Debug|x64.ActiveCfg = Debug|x64
		{DD17B77E-4568-4744-811F-C6C97BB29C41}.Debug|x64.Build.0 = Debug|x64
		{DD17B77E-4568-4744-811F-C6C97BB29C41}.Debug|x86.ActiveCfg = Debug|Win32
		{DD17B77E-4568-4744-811F-C6C97BB29C41}.Debug|x86.Build.0 = Debug|Win32
		{DD17B77E-4568-4744-811F-C6C97BB29C41}.Release|x64.ActiveCfg = Release|x64
		{DD17B77E-4568-4744-811F-C6C97BB29C41}.Release|x64.Build.0 = Release|x64
		{DD17B77E-4568-4744-811F-C6C97BB29C41}.Release|x86.ActiveCfg = Release|Win32
		{DD17B77E-4568-4744-811F-C6C97BB29C41}.Release|x86.Build.0 = Release|Win32
		{97288E93-D98F-45C7-95B2-52DD28CB835C}.Debug|x64.ActiveCfg = Debug|x64
		{97288E93-D98F-45C7-95B2-52DD28CB835C}.Debug|x64.Build.0 = Debug|x64
		{97288E93-D98F-45C7-95B2-52DD28CB835C}.Debug|x86.ActiveCfg = Debug|Win32
		{97288E93-D98F-45C7-95B2-52DD28CB835C}.Debug|x86.Build.0 = Debug|Win32
		{97288E93-D98F-45C7-95B2-52DD28CB835C}.Release|x64.ActiveCfg = Release|x64
		{97288E93-D98F-45C7-95B2-52DD28CB835C}.Release|x64.Build.0 = Release|x64
		{97288E93-D98F-45C7-95B2-52DD28CB835C}.Release|x86.ActiveCfg = Release|Win32
		{97288E93-D98F-45C7-95B2-52DD28CB835C}.Release|x86.Build.0 = Release|Win32
		{974ED0E2-E744-4A44-A6D7-0AB6EF04E892}.Debug|x64.ActiveCfg = Debug|x64
		{974ED0E2-E744-4A44-A6D7-0AB6EF04E892}.Debug|x64.Build.0 = Debug|x64
		{974ED0E2-E744-4A44-A6D7-0AB6EF04E892}.Debug|x86.ActiveCfg = Debug|Win32
		{974ED0E2-E744-4A44-A6D7-0AB6EF04E892}.Debug|x86.Build.0 = Debug|Win32
		{974ED0E2-E744-4A44-A6D7-0AB6EF04E892}.Release|x64.ActiveCfg = Release|x64
		{974ED0E2-E744-4A44-A6D7-0AB6EF04E892}.Release|x64.Build.0 = Release|x64
		{974ED0E2-E744-4A44-A6D7-0AB6EF04E892}.Release|x86.ActiveCfg = Release|Win32
		{974ED0E2-E744-4A44-A6D7-0AB6EF04E892}.Release|x86.Build.0 = Release|Win32
		{9FE39805-8682-47E9-A6D0-F7642EA3218C}.Debug|x64.ActiveCfg = Debug|x64
		{9FE39805-8682-47E9-A6D0-F7642EA3218C}.Debug|x64.Build.0 = Debug|x64
		{9FE39805-8682-47E9-A6D0-F7642EA3218C}.Debug|x86.ActiveCfg = Debug|Win32
		{9FE39805-8682-47E9-A6D0-F7642EA3218C}.Debug|x86.Build.0 = Debug|Win32
		{9FE39805-8682-47E9-A6D0-F7642EA3218C}.Release|x64.ActiveCfg = Release|x64
		{9FE39805-8682-47E9-A6D0-F7642EA3218C}.Release|x64.Build.0 = Release|x64
		{9FE39805-8682-47E9-A6D0-F7642EA3218C}.Release|x86.ActiveCfg = Release|Win32
		{9FE39805-8682-47E9-A6D0-F7642EA3218C}.Release|x86.Build.0 = Release|Win32
		{AC818012-850B-4678-BA18-5A034EBB5A93}.Debug|x64.ActiveCfg = Debug|x64
		{AC818012-850B-4678-BA18-5A034EBB5A93}.Debug|x64.Build.0 = Debug|x64
		{AC818012-850B-4678-BA18-5A034EBB5A93}.Debug|x86.ActiveCfg = Debug|Win32
		{AC818012-850B-4678-BA18-5A034EBB5A93}.Debug|x86.Build.0 = Debug|Win32
		{AC818012-850B-4678-BA18-5A034EBB5A93}.Release|x64.ActiveCfg = Release|x64
		{AC818012-850B-4678-BA18-5A034EBB5A93}.Release|x64.Build.0 = Release|x64
		{AC818012-850B-4678-BA18-5A034EBB5A93}.Release|x86.ActiveCfg = Release|Win32
		{AC818012-850B-4678-BA18-5A034EBB5A93}.Release|x86.Build.0 = Release|Win32
		{7F56314C-3586-4B27-9083-E44BCB1301D0}.Debug|x64.ActiveCfg = Debug|x64
		{7F56314C-3586-4B27-9083-E44BCB1301D0}.Debug|x64.Build.0 = Debug|x64
		{7F56314C-3586-4B27-9083-E44BCB1301D0}.Debug|x86.ActiveCfg = Debug|Win32
		{7F56314C-3586-4B27-9083-E44BCB1301D0}.Debug|x86.Build.0 = Debug|Win32
		{7F56314C-3586-4B27-9083-E44BCB1301D0}.Release|x64.ActiveCfg = Release|x64
		{7F56314C-3586-4B27-9083-E44BCB1301D0}.Release|x64.Build.0 = Release|x64
		{7F56314C-3586-4B27-9083-E44BCB1301D0}.Release|x86.ActiveCfg = Release|Win32
		{7F56314C-3586-4B27-9083-E44BCB1301D0}.Release|x86.Build.0 = Release|Win32
		{7E6D63DF-4576-44D5-A0CF-24608914E3DD}.Debug|x64.ActiveCfg = Debug|x64
		{7E6D63DF-4576-44D5-A0CF-24608914E3DD}.Debug|x64.Build.0 = Debug|x64
		{7E6D63DF-4576-44D5-A0CF-24608914E3DD}.Debug|x86.ActiveCfg = Debug|Win32
		{7E6D63DF-4576-44D5-A0CF-24608914E3DD}.Debug|x86.Build.0 = Debug|Win32
		{7E6D63DF-4576-44D5-A0CF-24608914E3DD}.Release|x64.ActiveCfg = Release|x64
		{7E6D63DF-4576-44D5-A0CF-24608914E3DD}.Release|x64.Build.0 = Release|x64
		{7E6D63DF-4576-44D5-A0CF-24608914E3DD}.Release|x86.ActiveCfg = Release|Win32
		{7E6D63DF-4576-44D5-A0CF-24608914E3DD}.Release|x86.Build.0 = Release|Win32
		{3CC93546-4A39-4D8F-A3F3-648F8853729A}.Debug|x64.ActiveCfg = Debug|x64
		{3CC93546-4A39-4D8F-A3F3-648F8853729A}.Debug|x64.Build.0 = Debug|x64
		{3CC93546-4A39-4D8F-A3F3-648F8853729A}.Debug|x86.ActiveCfg = Debug|Win32
		{3CC93546-4A39-4D8F-A3F3-648F8853729A}.Debug|x86.Build.0 = Debug|Win32
		{3CC93546-4A39-4D8F-A3F3-648F8853729A}.Release|x64.ActiveCfg = Release|x64
		{3CC93546-4A39-4D8F-A3F3-648F8853729A}.Release|x64.Build.0 = Release|x64
		{3CC93546-4A39-4D8F-A3F3-648F8853729A}.Release|x86.ActiveCfg = Release|Win32
		{3CC93546-4A39-4D8F-A3F3-648F8853729A}.Release|x86.Build.0 = Release|Win32
		{F174D86C-3EA8-452A-BC45-C6FA6C922241}.Debug|x64.ActiveCfg = Debug|x64
		{F174D86C-3EA8-452A-BC45-C6FA6C922241}.Debug|x64.Build.0 = Debug|x64
		{F174D86C-3EA8-452A-BC45-C6FA6C922241}.Debug|x86.ActiveCfg = Debug|Win32
		{F174D86C-3EA8-452A-BC45-C6FA6C922241}.Debug|x86.Build.0 = Debug|Win32
		{F174D86C-3EA8-452A-BC45-C6FA6C922241}.Release|x64.ActiveCfg = Release|x64
		{F174D86C-3EA8-452A-BC45-C6FA6C922241}.Release|x64.Build.0 = Release|x64
		{F174D86C-3EA8-452A-BC45-C6FA6C922241}.Release|x86.ActiveCfg = Release|Win32
		{F174D86C-3EA8-452A-BC45-C6FA6C922241}.Release|x86.Build.0 = Release|Win32
		{490FDB79-31FD-4112-B4E2-6E7181B8BE09}.Debug|x64.ActiveCfg = Debug|x64
		{490FDB79-31FD-4112-B4E2-6E7181B8BE09}.Debug|x64.Build.0 = Debug|x64
		{490FDB79-31FD-4112-B4E2-6E7181B8BE09}.Debug|x86.ActiveCfg = Debug|Win32
		{490FDB79-31FD-4112-B4E2-6E7181B8BE09}.Debug|x86.Build.0 = Debug|Win32
		{490FDB79-31FD-4112-B4E2-6E7181B8BE09}.Release|x64.ActiveCfg = Release|x64
		{490FDB79-31FD-4112-B4E2-6E7181B8BE09}.Release|x64.Build.0 = Release|x64
		{490FDB79-31FD-4112-B4E2-6E7181B8BE09}.Release|x86.ActiveCfg = Release|Win32
		{490FDB79-31FD-4112-B4E2-6E7181B8BE09}.Release|x86.Build.0 = Release|Win32
		{C57DC105-5B1F-44A7-9EEE-1561AC714220}.Debug|x64.ActiveCfg = Debug|x64
		{C57DC105-5B1F-44A7-9EEE-1561AC714220}.Debug|x64.Build.0 = Debug|x64
		{C57DC105-5B1F-44A7-9EEE-1561AC714220}.Debug|x86.ActiveCfg = Debug|Win32
		{C57DC105-5B1F-44A7-9EEE-1561AC714220}.Debug|x86.Build.0 = Debug|Win32
		{C57DC105-5B1F-44A7-9EEE-1561AC714220}.Release|x64.ActiveCfg = Release|x64
		{C57DC105-5B1F-44A7-9EEE-1561AC714220}.Release|x64.Build.0 = Release|x64
		{C57DC105-5B1F-44A7-9EEE-1561AC714220}.Release|x86.ActiveCfg = Release|Win32
		{C57DC105-5B1F-44A7-9EEE-1561AC714220}.Release|x86.Build.0 = Release|Win32
		{81BF5492-5D08-45AF-9EE5-C6DD21F32936}.Debug|x64.ActiveCfg = Debug|x64
		{81BF5492-5D08-45AF-9EE5-C6DD21F32936}.Debug|x64.Build.0 = Debug|x64
		{81BF5492-5D08-45AF-9EE5-C6DD21F32936}.Debug|x86.ActiveCfg = Debug|Win32
		{81BF5492-5D08-45AF-9EE5-C6DD21F32936}.Debug|x86.Build.0 = Debug|Win32
		{81BF5492-5D08-45AF-9EE5-C6DD21F32936}.Release|x64.ActiveCfg = Release|x64
		{81BF5492-5D08-45AF-9EE5-C6DD21F32936}.Release|x64.Build.0 = Release|x64
		{81BF5492-5D08-45AF-9EE5-C6DD21F32936}.Release|x86.ActiveCfg = Release|Win32
		{81BF5492-5D08-45AF-9EE5-C6DD21F32936}.Release|x86.Build.0 = Release|Win32
		{EB79BE10-D5B4-4B6E-973D-8174E9518949}.Debug|x64.ActiveCfg = Debug|x64
		{EB79BE10-D5B4-4B6E-973D-8174E9518949}.Debug|x64.Build.0 = Debug|x64
		{EB79BE10-D5B4-4B6E-973D-8174E9518949}.Debug|x86.ActiveCfg = Debug|Win32
		{EB79BE10-D5B4-4B6E-973D-8174E9518949}.Debug|x86.Build.0 = Debug|Win32
		{EB79BE10-D5B4-4B6E-973D-8174E9518949}.Release|x64.ActiveCfg = Release|x64
		{EB79BE10-D5B4-4B6E-973D-8174E9518949}.Release|x64.Build.0 = Release|x64
		{EB79BE10-D5B4-4B6E-973D-8174E9518949}.Release|x86.ActiveCfg = Release|Win32
		{EB79BE10-D5B4-4B6E-973D-8174E9518949}.Release|x86.Build.0 = Release|Win32
		{782F0850-6B05-4542-BAFB-12543844C911}.Debug|x64.ActiveCfg = Debug|x64
		{782F0850-6B05-4542-BAFB-12543844C911}.Debug|x64.Build.0 = Debug|x64
		{782F0850-6B05-4542-BAFB-12543844C911}.Debug|x86.ActiveCfg = Debug|Win32
		{782F0850-6B05-4542-BAFB-12543844C911}.Debug|x86.Build.0 = Debug|Win32
		{782F0850-6B05-4542-BAFB-12543844C911}.Release|x64.ActiveCfg = Release|x64
		{782F0850-6B05-4542-BAFB-12543844C911}.Release|x64.Build.0 = Release|x64
		{782F0850-6B05-4542-BAFB-12543844C911}.Release|x86.ActiveCfg = Release|Win32
		{782F0850-6B05-4542-BAFB-12543844C911}.Release|x86.Build.0 = Release|Win32
		{3C4BD4A4-542F-4E3C-95E3-50F19B59FF52}.Debug|x64.ActiveCfg = Debug|x64
		{3C4BD4A4-542F-4E3C-95E3-50F19B59FF52}.Debug|x64.Build.0 = Debug|x64
		{3C4BD4A4-542F-4E3C-95E3-50F19B59FF52}.Debug|x86.ActiveCfg = Debug|Win32
		{3C4BD4A4-542F-4E3C-95E3-50F19B59FF52}.Debug|x86.Build.0 = Debug|Win32
		{3C4BD4A4-542F-4E3C-95E3-50F19B59FF52}.Release|x64.ActiveCfg = Release|x64
		{3C4BD4A4-542F-4E3C-95E3-50F19B59FF52}.Release|x64.Build.0 = Release|x64
		{3C4BD4A4-542F-4E3C-95E3-50F19B59FF52}.Release|x86.ActiveCfg = Release|Win32
		{3C4BD4A4-542F-4E3C-95E3-50F19B59FF52}.Release|x86.Build.0 = Release|Win32
		{F5892598-59D4-4DB9-AF4F-C49CA6A110CF}.Debug|x64.ActiveCfg = Debug|x64
		{F5892598-59D4-4DB9-AF4F-C49CA6A110CF}.Debug|x64.Build.0 = Debug|x64
		{F5892598-59D4-4DB9-AF4F-C49CA6A110CF}.Debug|x86.ActiveCfg = Debug|Win32
		{F5892598-59D4-4DB9-AF4F-C49CA6A110CF}.Debug|x86.Build.0 = Debug|Win32
		{F5892598-59D4-4DB9-AF4F-C49CA6A110CF}.Release|x64.ActiveCfg = Release|x64
		{F5892598-59D4-4DB9-AF4F-C49CA6A110CF}.Release|x64.Build.0 = Release|x64
		{F5892598-59D4-4DB9-AF4F-C49CA6A110CF}.Release|x86.ActiveCfg = Release|Win32
		{F5892598-59D4-4DB9-AF4F-C49CA6A110CF}.Release|x86.Build.0 = Release|Win32
	EndGlobalSection
	GlobalSection(SolutionProperties) = preSolution
		HideSolutionNode = FALSE
	EndGlobalSection
	GlobalSection(ExtensibilityGlobals) = postSolution
		SolutionGuid = {E3C5A34C-FC26-43EA-B7C9-C5D405EBF267}
	EndGlobalSection
EndGlobal
